// !$*UTF8*$!
{
	archiveVersion = 1;
	classes = {
	};
	objectVersion = 55;
	objects = {

/* Begin PBXBuildFile section */
		36C4FFA327CBBD2800B940DF /* AppDelegate.swift in Sources */ = {isa = PBXBuildFile; fileRef = 36C4FFA227CBBD2800B940DF /* AppDelegate.swift */; };
		36C4FFA527CBBD2800B940DF /* SceneDelegate.swift in Sources */ = {isa = PBXBuildFile; fileRef = 36C4FFA427CBBD2800B940DF /* SceneDelegate.swift */; };
		36C4FFA727CBBD2800B940DF /* ViewController.swift in Sources */ = {isa = PBXBuildFile; fileRef = 36C4FFA627CBBD2800B940DF /* ViewController.swift */; };
		36C4FFAA27CBBD2800B940DF /* Main.storyboard in Resources */ = {isa = PBXBuildFile; fileRef = 36C4FFA827CBBD2800B940DF /* Main.storyboard */; };
		36C4FFAC27CBBD2900B940DF /* Assets.xcassets in Resources */ = {isa = PBXBuildFile; fileRef = 36C4FFAB27CBBD2900B940DF /* Assets.xcassets */; };
		36C4FFAF27CBBD2900B940DF /* LaunchScreen.storyboard in Resources */ = {isa = PBXBuildFile; fileRef = 36C4FFAD27CBBD2900B940DF /* LaunchScreen.storyboard */; };
		36C4FFBA27CBBD2900B940DF /* Homework_4Tests.swift in Sources */ = {isa = PBXBuildFile; fileRef = 36C4FFB927CBBD2900B940DF /* Homework_4Tests.swift */; };
		36C4FFC427CBBD2900B940DF /* Homework_4UITests.swift in Sources */ = {isa = PBXBuildFile; fileRef = 36C4FFC327CBBD2900B940DF /* Homework_4UITests.swift */; };
		36C4FFC627CBBD2900B940DF /* Homework_4UITestsLaunchTests.swift in Sources */ = {isa = PBXBuildFile; fileRef = 36C4FFC527CBBD2900B940DF /* Homework_4UITestsLaunchTests.swift */; };
		36C4FFD327CBBE4D00B940DF /* SayfaAVC.swift in Sources */ = {isa = PBXBuildFile; fileRef = 36C4FFD227CBBE4D00B940DF /* SayfaAVC.swift */; };
		36C4FFD527CBBE6B00B940DF /* SayfaBVC.swift in Sources */ = {isa = PBXBuildFile; fileRef = 36C4FFD427CBBE6A00B940DF /* SayfaBVC.swift */; };
		36C4FFD727CBBEAB00B940DF /* SayfaXVC.swift in Sources */ = {isa = PBXBuildFile; fileRef = 36C4FFD627CBBEAB00B940DF /* SayfaXVC.swift */; };
		36C4FFD927CBBEBA00B940DF /* SayfaYVC.swift in Sources */ = {isa = PBXBuildFile; fileRef = 36C4FFD827CBBEBA00B940DF /* SayfaYVC.swift */; };
/* End PBXBuildFile section */

/* Begin PBXContainerItemProxy section */
		36C4FFB627CBBD2900B940DF /* PBXContainerItemProxy */ = {
			isa = PBXContainerItemProxy;
			containerPortal = 36C4FF9727CBBD2800B940DF /* Project object */;
			proxyType = 1;
			remoteGlobalIDString = 36C4FF9E27CBBD2800B940DF;
			remoteInfo = "Homework#4";
		};
		36C4FFC027CBBD2900B940DF /* PBXContainerItemProxy */ = {
			isa = PBXContainerItemProxy;
			containerPortal = 36C4FF9727CBBD2800B940DF /* Project object */;
			proxyType = 1;
			remoteGlobalIDString = 36C4FF9E27CBBD2800B940DF;
			remoteInfo = "Homework#4";
		};
/* End PBXContainerItemProxy section */

/* Begin PBXFileReference section */
		36C4FF9F27CBBD2800B940DF /* Homework#4.app */ = {isa = PBXFileReference; explicitFileType = wrapper.application; includeInIndex = 0; path = "Homework#4.app"; sourceTree = BUILT_PRODUCTS_DIR; };
		36C4FFA227CBBD2800B940DF /* AppDelegate.swift */ = {isa = PBXFileReference; lastKnownFileType = sourcecode.swift; path = AppDelegate.swift; sourceTree = "<group>"; };
		36C4FFA427CBBD2800B940DF /* SceneDelegate.swift */ = {isa = PBXFileReference; lastKnownFileType = sourcecode.swift; path = SceneDelegate.swift; sourceTree = "<group>"; };
		36C4FFA627CBBD2800B940DF /* ViewController.swift */ = {isa = PBXFileReference; lastKnownFileType = sourcecode.swift; path = ViewController.swift; sourceTree = "<group>"; };
		36C4FFA927CBBD2800B940DF /* Base */ = {isa = PBXFileReference; lastKnownFileType = file.storyboard; name = Base; path = Base.lproj/Main.storyboard; sourceTree = "<group>"; };
		36C4FFAB27CBBD2900B940DF /* Assets.xcassets */ = {isa = PBXFileReference; lastKnownFileType = folder.assetcatalog; path = Assets.xcassets; sourceTree = "<group>"; };
		36C4FFAE27CBBD2900B940DF /* Base */ = {isa = PBXFileReference; lastKnownFileType = file.storyboard; name = Base; path = Base.lproj/LaunchScreen.storyboard; sourceTree = "<group>"; };
		36C4FFB027CBBD2900B940DF /* Info.plist */ = {isa = PBXFileReference; lastKnownFileType = text.plist.xml; path = Info.plist; sourceTree = "<group>"; };
		36C4FFB527CBBD2900B940DF /* Homework#4Tests.xctest */ = {isa = PBXFileReference; explicitFileType = wrapper.cfbundle; includeInIndex = 0; path = "Homework#4Tests.xctest"; sourceTree = BUILT_PRODUCTS_DIR; };
		36C4FFB927CBBD2900B940DF /* Homework_4Tests.swift */ = {isa = PBXFileReference; lastKnownFileType = sourcecode.swift; path = Homework_4Tests.swift; sourceTree = "<group>"; };
		36C4FFBF27CBBD2900B940DF /* Homework#4UITests.xctest */ = {isa = PBXFileReference; explicitFileType = wrapper.cfbundle; includeInIndex = 0; path = "Homework#4UITests.xctest"; sourceTree = BUILT_PRODUCTS_DIR; };
		36C4FFC327CBBD2900B940DF /* Homework_4UITests.swift */ = {isa = PBXFileReference; lastKnownFileType = sourcecode.swift; path = Homework_4UITests.swift; sourceTree = "<group>"; };
		36C4FFC527CBBD2900B940DF /* Homework_4UITestsLaunchTests.swift */ = {isa = PBXFileReference; lastKnownFileType = sourcecode.swift; path = Homework_4UITestsLaunchTests.swift; sourceTree = "<group>"; };
		36C4FFD227CBBE4D00B940DF /* SayfaAVC.swift */ = {isa = PBXFileReference; lastKnownFileType = sourcecode.swift; path = SayfaAVC.swift; sourceTree = "<group>"; };
		36C4FFD427CBBE6A00B940DF /* SayfaBVC.swift */ = {isa = PBXFileReference; lastKnownFileType = sourcecode.swift; path = SayfaBVC.swift; sourceTree = "<group>"; };
		36C4FFD627CBBEAB00B940DF /* SayfaXVC.swift */ = {isa = PBXFileReference; lastKnownFileType = sourcecode.swift; path = SayfaXVC.swift; sourceTree = "<group>"; };
		36C4FFD827CBBEBA00B940DF /* SayfaYVC.swift */ = {isa = PBXFileReference; lastKnownFileType = sourcecode.swift; path = SayfaYVC.swift; sourceTree = "<group>"; };
/* End PBXFileReference section */

/* Begin PBXFrameworksBuildPhase section */
		36C4FF9C27CBBD2800B940DF /* Frameworks */ = {
			isa = PBXFrameworksBuildPhase;
			buildActionMask = 2147483647;
			files = (
			);
			runOnlyForDeploymentPostprocessing = 0;
		};
		36C4FFB227CBBD2900B940DF /* Frameworks */ = {
			isa = PBXFrameworksBuildPhase;
			buildActionMask = 2147483647;
			files = (
			);
			runOnlyForDeploymentPostprocessing = 0;
		};
		36C4FFBC27CBBD2900B940DF /* Frameworks */ = {
			isa = PBXFrameworksBuildPhase;
			buildActionMask = 2147483647;
			files = (
			);
			runOnlyForDeploymentPostprocessing = 0;
		};
/* End PBXFrameworksBuildPhase section */

/* Begin PBXGroup section */
		36C4FF9627CBBD2800B940DF = {
			isa = PBXGroup;
			children = (
				36C4FFA127CBBD2800B940DF /* Homework#4 */,
				36C4FFB827CBBD2900B940DF /* Homework#4Tests */,
				36C4FFC227CBBD2900B940DF /* Homework#4UITests */,
				36C4FFA027CBBD2800B940DF /* Products */,
			);
			sourceTree = "<group>";
		};
		36C4FFA027CBBD2800B940DF /* Products */ = {
			isa = PBXGroup;
			children = (
				36C4FF9F27CBBD2800B940DF /* Homework#4.app */,
				36C4FFB527CBBD2900B940DF /* Homework#4Tests.xctest */,
				36C4FFBF27CBBD2900B940DF /* Homework#4UITests.xctest */,
			);
			name = Products;
			sourceTree = "<group>";
		};
		36C4FFA127CBBD2800B940DF /* Homework#4 */ = {
			isa = PBXGroup;
			children = (
				36C4FFA227CBBD2800B940DF /* AppDelegate.swift */,
				36C4FFA427CBBD2800B940DF /* SceneDelegate.swift */,
				36C4FFA627CBBD2800B940DF /* ViewController.swift */,
				36C4FFA827CBBD2800B940DF /* Main.storyboard */,
				36C4FFD627CBBEAB00B940DF /* SayfaXVC.swift */,
				36C4FFD827CBBEBA00B940DF /* SayfaYVC.swift */,
				36C4FFD427CBBE6A00B940DF /* SayfaBVC.swift */,
				36C4FFD227CBBE4D00B940DF /* SayfaAVC.swift */,
				36C4FFAB27CBBD2900B940DF /* Assets.xcassets */,
				36C4FFAD27CBBD2900B940DF /* LaunchScreen.storyboard */,
				36C4FFB027CBBD2900B940DF /* Info.plist */,
			);
			path = "Homework#4";
			sourceTree = "<group>";
		};
		36C4FFB827CBBD2900B940DF /* Homework#4Tests */ = {
			isa = PBXGroup;
			children = (
				36C4FFB927CBBD2900B940DF /* Homework_4Tests.swift */,
			);
			path = "Homework#4Tests";
			sourceTree = "<group>";
		};
		36C4FFC227CBBD2900B940DF /* Homework#4UITests */ = {
			isa = PBXGroup;
			children = (
				36C4FFC327CBBD2900B940DF /* Homework_4UITests.swift */,
				36C4FFC527CBBD2900B940DF /* Homework_4UITestsLaunchTests.swift */,
			);
			path = "Homework#4UITests";
			sourceTree = "<group>";
		};
/* End PBXGroup section */

/* Begin PBXNativeTarget section */
		36C4FF9E27CBBD2800B940DF /* Homework#4 */ = {
			isa = PBXNativeTarget;
			buildConfigurationList = 36C4FFC927CBBD2900B940DF /* Build configuration list for PBXNativeTarget "Homework#4" */;
			buildPhases = (
				36C4FF9B27CBBD2800B940DF /* Sources */,
				36C4FF9C27CBBD2800B940DF /* Frameworks */,
				36C4FF9D27CBBD2800B940DF /* Resources */,
			);
			buildRules = (
			);
			dependencies = (
			);
			name = "Homework#4";
			productName = "Homework#4";
			productReference = 36C4FF9F27CBBD2800B940DF /* Homework#4.app */;
			productType = "com.apple.product-type.application";
		};
		36C4FFB427CBBD2900B940DF /* Homework#4Tests */ = {
			isa = PBXNativeTarget;
			buildConfigurationList = 36C4FFCC27CBBD2900B940DF /* Build configuration list for PBXNativeTarget "Homework#4Tests" */;
			buildPhases = (
				36C4FFB127CBBD2900B940DF /* Sources */,
				36C4FFB227CBBD2900B940DF /* Frameworks */,
				36C4FFB327CBBD2900B940DF /* Resources */,
			);
			buildRules = (
			);
			dependencies = (
				36C4FFB727CBBD2900B940DF /* PBXTargetDependency */,
			);
			name = "Homework#4Tests";
			productName = "Homework#4Tests";
			productReference = 36C4FFB527CBBD2900B940DF /* Homework#4Tests.xctest */;
			productType = "com.apple.product-type.bundle.unit-test";
		};
		36C4FFBE27CBBD2900B940DF /* Homework#4UITests */ = {
			isa = PBXNativeTarget;
			buildConfigurationList = 36C4FFCF27CBBD2900B940DF /* Build configuration list for PBXNativeTarget "Homework#4UITests" */;
			buildPhases = (
				36C4FFBB27CBBD2900B940DF /* Sources */,
				36C4FFBC27CBBD2900B940DF /* Frameworks */,
				36C4FFBD27CBBD2900B940DF /* Resources */,
			);
			buildRules = (
			);
			dependencies = (
				36C4FFC127CBBD2900B940DF /* PBXTargetDependency */,
			);
			name = "Homework#4UITests";
			productName = "Homework#4UITests";
			productReference = 36C4FFBF27CBBD2900B940DF /* Homework#4UITests.xctest */;
			productType = "com.apple.product-type.bundle.ui-testing";
		};
/* End PBXNativeTarget section */

/* Begin PBXProject section */
		36C4FF9727CBBD2800B940DF /* Project object */ = {
			isa = PBXProject;
			attributes = {
				BuildIndependentTargetsInParallel = 1;
				LastSwiftUpdateCheck = 1320;
				LastUpgradeCheck = 1320;
				TargetAttributes = {
					36C4FF9E27CBBD2800B940DF = {
						CreatedOnToolsVersion = 13.2.1;
					};
					36C4FFB427CBBD2900B940DF = {
						CreatedOnToolsVersion = 13.2.1;
						TestTargetID = 36C4FF9E27CBBD2800B940DF;
					};
					36C4FFBE27CBBD2900B940DF = {
						CreatedOnToolsVersion = 13.2.1;
						TestTargetID = 36C4FF9E27CBBD2800B940DF;
					};
				};
			};
			buildConfigurationList = 36C4FF9A27CBBD2800B940DF /* Build configuration list for PBXProject "Homework#4" */;
			compatibilityVersion = "Xcode 13.0";
			developmentRegion = en;
			hasScannedForEncodings = 0;
			knownRegions = (
				en,
				Base,
			);
			mainGroup = 36C4FF9627CBBD2800B940DF;
			productRefGroup = 36C4FFA027CBBD2800B940DF /* Products */;
			projectDirPath = "";
			projectRoot = "";
			targets = (
				36C4FF9E27CBBD2800B940DF /* Homework#4 */,
				36C4FFB427CBBD2900B940DF /* Homework#4Tests */,
				36C4FFBE27CBBD2900B940DF /* Homework#4UITests */,
			);
		};
/* End PBXProject section */

/* Begin PBXResourcesBuildPhase section */
		36C4FF9D27CBBD2800B940DF /* Resources */ = {
			isa = PBXResourcesBuildPhase;
			buildActionMask = 2147483647;
			files = (
				36C4FFAF27CBBD2900B940DF /* LaunchScreen.storyboard in Resources */,
				36C4FFAC27CBBD2900B940DF /* Assets.xcassets in Resources */,
				36C4FFAA27CBBD2800B940DF /* Main.storyboard in Resources */,
			);
			runOnlyForDeploymentPostprocessing = 0;
		};
		36C4FFB327CBBD2900B940DF /* Resources */ = {
			isa = PBXResourcesBuildPhase;
			buildActionMask = 2147483647;
			files = (
			);
			runOnlyForDeploymentPostprocessing = 0;
		};
		36C4FFBD27CBBD2900B940DF /* Resources */ = {
			isa = PBXResourcesBuildPhase;
			buildActionMask = 2147483647;
			files = (
			);
			runOnlyForDeploymentPostprocessing = 0;
		};
/* End PBXResourcesBuildPhase section */

/* Begin PBXSourcesBuildPhase section */
		36C4FF9B27CBBD2800B940DF /* Sources */ = {
			isa = PBXSourcesBuildPhase;
			buildActionMask = 2147483647;
			files = (
				36C4FFD927CBBEBA00B940DF /* SayfaYVC.swift in Sources */,
				36C4FFD727CBBEAB00B940DF /* SayfaXVC.swift in Sources */,
				36C4FFA727CBBD2800B940DF /* ViewController.swift in Sources */,
				36C4FFA327CBBD2800B940DF /* AppDelegate.swift in Sources */,
				36C4FFA527CBBD2800B940DF /* SceneDelegate.swift in Sources */,
				36C4FFD327CBBE4D00B940DF /* SayfaAVC.swift in Sources */,
				36C4FFD527CBBE6B00B940DF /* SayfaBVC.swift in Sources */,
			);
			runOnlyForDeploymentPostprocessing = 0;
		};
		36C4FFB127CBBD2900B940DF /* Sources */ = {
			isa = PBXSourcesBuildPhase;
			buildActionMask = 2147483647;
			files = (
				36C4FFBA27CBBD2900B940DF /* Homework_4Tests.swift in Sources */,
			);
			runOnlyForDeploymentPostprocessing = 0;
		};
		36C4FFBB27CBBD2900B940DF /* Sources */ = {
			isa = PBXSourcesBuildPhase;
			buildActionMask = 2147483647;
			files = (
				36C4FFC427CBBD2900B940DF /* Homework_4UITests.swift in Sources */,
				36C4FFC627CBBD2900B940DF /* Homework_4UITestsLaunchTests.swift in Sources */,
			);
			runOnlyForDeploymentPostprocessing = 0;
		};
/* End PBXSourcesBuildPhase section */

/* Begin PBXTargetDependency section */
		36C4FFB727CBBD2900B940DF /* PBXTargetDependency */ = {
			isa = PBXTargetDependency;
			target = 36C4FF9E27CBBD2800B940DF /* Homework#4 */;
			targetProxy = 36C4FFB627CBBD2900B940DF /* PBXContainerItemProxy */;
		};
		36C4FFC127CBBD2900B940DF /* PBXTargetDependency */ = {
			isa = PBXTargetDependency;
			target = 36C4FF9E27CBBD2800B940DF /* Homework#4 */;
			targetProxy = 36C4FFC027CBBD2900B940DF /* PBXContainerItemProxy */;
		};
/* End PBXTargetDependency section */

/* Begin PBXVariantGroup section */
		36C4FFA827CBBD2800B940DF /* Main.storyboard */ = {
			isa = PBXVariantGroup;
			children = (
				36C4FFA927CBBD2800B940DF /* Base */,
			);
			name = Main.storyboard;
			sourceTree = "<group>";
		};
		36C4FFAD27CBBD2900B940DF /* LaunchScreen.storyboard */ = {
			isa = PBXVariantGroup;
			children = (
				36C4FFAE27CBBD2900B940DF /* Base */,
			);
			name = LaunchScreen.storyboard;
			sourceTree = "<group>";
		};
/* End PBXVariantGroup section */

/* Begin XCBuildConfiguration section */
		36C4FFC727CBBD2900B940DF /* Debug */ = {
			isa = XCBuildConfiguration;
			buildSettings = {
				ALWAYS_SEARCH_USER_PATHS = NO;
				CLANG_ANALYZER_NONNULL = YES;
				CLANG_ANALYZER_NUMBER_OBJECT_CONVERSION = YES_AGGRESSIVE;
				CLANG_CXX_LANGUAGE_STANDARD = "gnu++17";
				CLANG_CXX_LIBRARY = "libc++";
				CLANG_ENABLE_MODULES = YES;
				CLANG_ENABLE_OBJC_ARC = YES;
				CLANG_ENABLE_OBJC_WEAK = YES;
				CLANG_WARN_BLOCK_CAPTURE_AUTORELEASING = YES;
				CLANG_WARN_BOOL_CONVERSION = YES;
				CLANG_WARN_COMMA = YES;
				CLANG_WARN_CONSTANT_CONVERSION = YES;
				CLANG_WARN_DEPRECATED_OBJC_IMPLEMENTATIONS = YES;
				CLANG_WARN_DIRECT_OBJC_ISA_USAGE = YES_ERROR;
				CLANG_WARN_DOCUMENTATION_COMMENTS = YES;
				CLANG_WARN_EMPTY_BODY = YES;
				CLANG_WARN_ENUM_CONVERSION = YES;
				CLANG_WARN_INFINITE_RECURSION = YES;
				CLANG_WARN_INT_CONVERSION = YES;
				CLANG_WARN_NON_LITERAL_NULL_CONVERSION = YES;
				CLANG_WARN_OBJC_IMPLICIT_RETAIN_SELF = YES;
				CLANG_WARN_OBJC_LITERAL_CONVERSION = YES;
				CLANG_WARN_OBJC_ROOT_CLASS = YES_ERROR;
				CLANG_WARN_QUOTED_INCLUDE_IN_FRAMEWORK_HEADER = YES;
				CLANG_WARN_RANGE_LOOP_ANALYSIS = YES;
				CLANG_WARN_STRICT_PROTOTYPES = YES;
				CLANG_WARN_SUSPICIOUS_MOVE = YES;
				CLANG_WARN_UNGUARDED_AVAILABILITY = YES_AGGRESSIVE;
				CLANG_WARN_UNREACHABLE_CODE = YES;
				CLANG_WARN__DUPLICATE_METHOD_MATCH = YES;
				COPY_PHASE_STRIP = NO;
				DEBUG_INFORMATION_FORMAT = dwarf;
				ENABLE_STRICT_OBJC_MSGSEND = YES;
				ENABLE_TESTABILITY = YES;
				GCC_C_LANGUAGE_STANDARD = gnu11;
				GCC_DYNAMIC_NO_PIC = NO;
				GCC_NO_COMMON_BLOCKS = YES;
				GCC_OPTIMIZATION_LEVEL = 0;
				GCC_PREPROCESSOR_DEFINITIONS = (
					"DEBUG=1",
					"$(inherited)",
				);
				GCC_WARN_64_TO_32_BIT_CONVERSION = YES;
				GCC_WARN_ABOUT_RETURN_TYPE = YES_ERROR;
				GCC_WARN_UNDECLARED_SELECTOR = YES;
				GCC_WARN_UNINITIALIZED_AUTOS = YES_AGGRESSIVE;
				GCC_WARN_UNUSED_FUNCTION = YES;
				GCC_WARN_UNUSED_VARIABLE = YES;
				IPHONEOS_DEPLOYMENT_TARGET = 15.2;
				MTL_ENABLE_DEBUG_INFO = INCLUDE_SOURCE;
				MTL_FAST_MATH = YES;
				ONLY_ACTIVE_ARCH = YES;
				SDKROOT = iphoneos;
				SWIFT_ACTIVE_COMPILATION_CONDITIONS = DEBUG;
				SWIFT_OPTIMIZATION_LEVEL = "-Onone";
			};
			name = Debug;
		};
		36C4FFC827CBBD2900B940DF /* Release */ = {
			isa = XCBuildConfiguration;
			buildSettings = {
				ALWAYS_SEARCH_USER_PATHS = NO;
				CLANG_ANALYZER_NONNULL = YES;
				CLANG_ANALYZER_NUMBER_OBJECT_CONVERSION = YES_AGGRESSIVE;
				CLANG_CXX_LANGUAGE_STANDARD = "gnu++17";
				CLANG_CXX_LIBRARY = "libc++";
				CLANG_ENABLE_MODULES = YES;
				CLANG_ENABLE_OBJC_ARC = YES;
				CLANG_ENABLE_OBJC_WEAK = YES;
				CLANG_WARN_BLOCK_CAPTURE_AUTORELEASING = YES;
				CLANG_WARN_BOOL_CONVERSION = YES;
				CLANG_WARN_COMMA = YES;
				CLANG_WARN_CONSTANT_CONVERSION = YES;
				CLANG_WARN_DEPRECATED_OBJC_IMPLEMENTATIONS = YES;
				CLANG_WARN_DIRECT_OBJC_ISA_USAGE = YES_ERROR;
				CLANG_WARN_DOCUMENTATION_COMMENTS = YES;
				CLANG_WARN_EMPTY_BODY = YES;
				CLANG_WARN_ENUM_CONVERSION = YES;
				CLANG_WARN_INFINITE_RECURSION = YES;
				CLANG_WARN_INT_CONVERSION = YES;
				CLANG_WARN_NON_LITERAL_NULL_CONVERSION = YES;
				CLANG_WARN_OBJC_IMPLICIT_RETAIN_SELF = YES;
				CLANG_WARN_OBJC_LITERAL_CONVERSION = YES;
				CLANG_WARN_OBJC_ROOT_CLASS = YES_ERROR;
				CLANG_WARN_QUOTED_INCLUDE_IN_FRAMEWORK_HEADER = YES;
				CLANG_WARN_RANGE_LOOP_ANALYSIS = YES;
				CLANG_WARN_STRICT_PROTOTYPES = YES;
				CLANG_WARN_SUSPICIOUS_MOVE = YES;
				CLANG_WARN_UNGUARDED_AVAILABILITY = YES_AGGRESSIVE;
				CLANG_WARN_UNREACHABLE_CODE = YES;
				CLANG_WARN__DUPLICATE_METHOD_MATCH = YES;
				COPY_PHASE_STRIP = NO;
				DEBUG_INFORMATION_FORMAT = "dwarf-with-dsym";
				ENABLE_NS_ASSERTIONS = NO;
				ENABLE_STRICT_OBJC_MSGSEND = YES;
				GCC_C_LANGUAGE_STANDARD = gnu11;
				GCC_NO_COMMON_BLOCKS = YES;
				GCC_WARN_64_TO_32_BIT_CONVERSION = YES;
				GCC_WARN_ABOUT_RETURN_TYPE = YES_ERROR;
				GCC_WARN_UNDECLARED_SELECTOR = YES;
				GCC_WARN_UNINITIALIZED_AUTOS = YES_AGGRESSIVE;
				GCC_WARN_UNUSED_FUNCTION = YES;
				GCC_WARN_UNUSED_VARIABLE = YES;
				IPHONEOS_DEPLOYMENT_TARGET = 15.2;
				MTL_ENABLE_DEBUG_INFO = NO;
				MTL_FAST_MATH = YES;
				SDKROOT = iphoneos;
				SWIFT_COMPILATION_MODE = wholemodule;
				SWIFT_OPTIMIZATION_LEVEL = "-O";
				VALIDATE_PRODUCT = YES;
			};
			name = Release;
		};
		36C4FFCA27CBBD2900B940DF /* Debug */ = {
			isa = XCBuildConfiguration;
			buildSettings = {
				ASSETCATALOG_COMPILER_APPICON_NAME = AppIcon;
				ASSETCATALOG_COMPILER_GLOBAL_ACCENT_COLOR_NAME = AccentColor;
				CODE_SIGN_STYLE = Automatic;
				CURRENT_PROJECT_VERSION = 1;
				DEVELOPMENT_TEAM = 32L9LV3KSY;
				GENERATE_INFOPLIST_FILE = YES;
				INFOPLIST_FILE = "Homework#4/Info.plist";
				INFOPLIST_KEY_UIApplicationSupportsIndirectInputEvents = YES;
				INFOPLIST_KEY_UILaunchStoryboardName = LaunchScreen;
				INFOPLIST_KEY_UIMainStoryboardFile = Main;
				INFOPLIST_KEY_UISupportedInterfaceOrientations_iPad = "UIInterfaceOrientationPortrait UIInterfaceOrientationPortraitUpsideDown UIInterfaceOrientationLandscapeLeft UIInterfaceOrientationLandscapeRight";
				INFOPLIST_KEY_UISupportedInterfaceOrientations_iPhone = "UIInterfaceOrientationPortrait UIInterfaceOrientationLandscapeLeft UIInterfaceOrientationLandscapeRight";
				LD_RUNPATH_SEARCH_PATHS = (
					"$(inherited)",
					"@executable_path/Frameworks",
				);
				MARKETING_VERSION = 1.0;
				PRODUCT_BUNDLE_IDENTIFIER = "com.canbi.Homework-4";
				PRODUCT_NAME = "$(TARGET_NAME)";
				SWIFT_EMIT_LOC_STRINGS = YES;
				SWIFT_VERSION = 5.0;
				TARGETED_DEVICE_FAMILY = "1,2";
			};
			name = Debug;
		};
		36C4FFCB27CBBD2900B940DF /* Release */ = {
			isa = XCBuildConfiguration;
			buildSettings = {
				ASSETCATALOG_COMPILER_APPICON_NAME = AppIcon;
				ASSETCATALOG_COMPILER_GLOBAL_ACCENT_COLOR_NAME = AccentColor;
				CODE_SIGN_STYLE = Automatic;
				CURRENT_PROJECT_VERSION = 1;
				DEVELOPMENT_TEAM = 32L9LV3KSY;
				GENERATE_INFOPLIST_FILE = YES;
				INFOPLIST_FILE = "Homework#4/Info.plist";
				INFOPLIST_KEY_UIApplicationSupportsIndirectInputEvents = YES;
				INFOPLIST_KEY_UILaunchStoryboardName = LaunchScreen;
				INFOPLIST_KEY_UIMainStoryboardFile = Main;
				INFOPLIST_KEY_UISupportedInterfaceOrientations_iPad = "UIInterfaceOrientationPortrait UIInterfaceOrientationPortraitUpsideDown UIInterfaceOrientationLandscapeLeft UIInterfaceOrientationLandscapeRight";
				INFOPLIST_KEY_UISupportedInterfaceOrientations_iPhone = "UIInterfaceOrientationPortrait UIInterfaceOrientationLandscapeLeft UIInterfaceOrientationLandscapeRight";
				LD_RUNPATH_SEARCH_PATHS = (
					"$(inherited)",
					"@executable_path/Frameworks",
				);
				MARKETING_VERSION = 1.0;
				PRODUCT_BUNDLE_IDENTIFIER = "com.canbi.Homework-4";
				PRODUCT_NAME = "$(TARGET_NAME)";
				SWIFT_EMIT_LOC_STRINGS = YES;
				SWIFT_VERSION = 5.0;
				TARGETED_DEVICE_FAMILY = "1,2";
			};
			name = Release;
		};
		36C4FFCD27CBBD2900B940DF /* Debug */ = {
			isa = XCBuildConfiguration;
			buildSettings = {
				ALWAYS_EMBED_SWIFT_STANDARD_LIBRARIES = YES;
				BUNDLE_LOADER = "$(TEST_HOST)";
				CODE_SIGN_STYLE = Automatic;
				CURRENT_PROJECT_VERSION = 1;
				DEVELOPMENT_TEAM = 32L9LV3KSY;
				GENERATE_INFOPLIST_FILE = YES;
				IPHONEOS_DEPLOYMENT_TARGET = 15.2;
				MARKETING_VERSION = 1.0;
				PRODUCT_BUNDLE_IDENTIFIER = "com.canbi.Homework-4Tests";
				PRODUCT_NAME = "$(TARGET_NAME)";
				SWIFT_EMIT_LOC_STRINGS = NO;
				SWIFT_VERSION = 5.0;
				TARGETED_DEVICE_FAMILY = "1,2";
				TEST_HOST = "$(BUILT_PRODUCTS_DIR)/Homework#4.app/Homework#4";
			};
			name = Debug;
		};
		36C4FFCE27CBBD2900B940DF /* Release */ = {
			isa = XCBuildConfiguration;
			buildSettings = {
				ALWAYS_EMBED_SWIFT_STANDARD_LIBRARIES = YES;
				BUNDLE_LOADER = "$(TEST_HOST)";
				CODE_SIGN_STYLE = Automatic;
				CURRENT_PROJECT_VERSION = 1;
				DEVELOPMENT_TEAM = 32L9LV3KSY;
				GENERATE_INFOPLIST_FILE = YES;
				IPHONEOS_DEPLOYMENT_TARGET = 15.2;
				MARKETING_VERSION = 1.0;
				PRODUCT_BUNDLE_IDENTIFIER = "com.canbi.Homework-4Tests";
				PRODUCT_NAME = "$(TARGET_NAME)";
				SWIFT_EMIT_LOC_STRINGS = NO;
				SWIFT_VERSION = 5.0;
				TARGETED_DEVICE_FAMILY = "1,2";
				TEST_HOST = "$(BUILT_PRODUCTS_DIR)/Homework#4.app/Homework#4";
			};
			name = Release;
		};
		36C4FFD027CBBD2900B940DF /* Debug */ = {
			isa = XCBuildConfiguration;
			buildSettings = {
				ALWAYS_EMBED_SWIFT_STANDARD_LIBRARIES = YES;
				CODE_SIGN_STYLE = Automatic;
				CURRENT_PROJECT_VERSION = 1;
				DEVELOPMENT_TEAM = 32L9LV3KSY;
				GENERATE_INFOPLIST_FILE = YES;
				MARKETING_VERSION = 1.0;
				PRODUCT_BUNDLE_IDENTIFIER = "com.canbi.Homework-4UITests";
				PRODUCT_NAME = "$(TARGET_NAME)";
				SWIFT_EMIT_LOC_STRINGS = NO;
				SWIFT_VERSION = 5.0;
				TARGETED_DEVICE_FAMILY = "1,2";
				TEST_TARGET_NAME = "Homework#4";
			};
			name = Debug;
		};
		36C4FFD127CBBD2900B940DF /* Release */ = {
			isa = XCBuildConfiguration;
			buildSettings = {
				ALWAYS_EMBED_SWIFT_STANDARD_LIBRARIES = YES;
				CODE_SIGN_STYLE = Automatic;
				CURRENT_PROJECT_VERSION = 1;
				DEVELOPMENT_TEAM = 32L9LV3KSY;
				GENERATE_INFOPLIST_FILE = YES;
				MARKETING_VERSION = 1.0;
				PRODUCT_BUNDLE_IDENTIFIER = "com.canbi.Homework-4UITests";
				PRODUCT_NAME = "$(TARGET_NAME)";
				SWIFT_EMIT_LOC_STRINGS = NO;
				SWIFT_VERSION = 5.0;
				TARGETED_DEVICE_FAMILY = "1,2";
				TEST_TARGET_NAME = "Homework#4";
			};
			name = Release;
		};
/* End XCBuildConfiguration section */

/* Begin XCConfigurationList section */
		36C4FF9A27CBBD2800B940DF /* Build configuration list for PBXProject "Homework#4" */ = {
			isa = XCConfigurationList;
			buildConfigurations = (
				36C4FFC727CBBD2900B940DF /* Debug */,
				36C4FFC827CBBD2900B940DF /* Release */,
			);
			defaultConfigurationIsVisible = 0;
			defaultConfigurationName = Release;
		};
		36C4FFC927CBBD2900B940DF /* Build configuration list for PBXNativeTarget "Homework#4" */ = {
			isa = XCConfigurationList;
			buildConfigurations = (
				36C4FFCA27CBBD2900B940DF /* Debug */,
				36C4FFCB27CBBD2900B940DF /* Release */,
			);
			defaultConfigurationIsVisible = 0;
			defaultConfigurationName = Release;
		};
		36C4FFCC27CBBD2900B940DF /* Build configuration list for PBXNativeTarget "Homework#4Tests" */ = {
			isa = XCConfigurationList;
			buildConfigurations = (
				36C4FFCD27CBBD2900B940DF /* Debug */,
				36C4FFCE27CBBD2900B940DF /* Release */,
			);
			defaultConfigurationIsVisible = 0;
			defaultConfigurationName = Release;
		};
		36C4FFCF27CBBD2900B940DF /* Build configuration list for PBXNativeTarget "Homework#4UITests" */ = {
			isa = XCConfigurationList;
			buildConfigurations = (
				36C4FFD027CBBD2900B940DF /* Debug */,
				36C4FFD127CBBD2900B940DF /* Release */,
			);
			defaultConfigurationIsVisible = 0;
			defaultConfigurationName = Release;
		};
/* End XCConfigurationList section */
	};
	rootObject = 36C4FF9727CBBD2800B940DF /* Project object */;
}
