// !$*UTF8*$!
{
	archiveVersion = 1;
	classes = {
	};
	objectVersion = 55;
	objects = {

/* Begin PBXBuildFile section */
		36705E6027DD0C2E0037F93D /* AppDelegate.swift in Sources */ = {isa = PBXBuildFile; fileRef = 36705E5F27DD0C2E0037F93D /* AppDelegate.swift */; };
		36705E6227DD0C2E0037F93D /* SceneDelegate.swift in Sources */ = {isa = PBXBuildFile; fileRef = 36705E6127DD0C2E0037F93D /* SceneDelegate.swift */; };
		36705E6427DD0C2E0037F93D /* ViewController.swift in Sources */ = {isa = PBXBuildFile; fileRef = 36705E6327DD0C2E0037F93D /* ViewController.swift */; };
		36705E6727DD0C2E0037F93D /* Main.storyboard in Resources */ = {isa = PBXBuildFile; fileRef = 36705E6527DD0C2E0037F93D /* Main.storyboard */; };
		36705E6927DD0C2F0037F93D /* Assets.xcassets in Resources */ = {isa = PBXBuildFile; fileRef = 36705E6827DD0C2F0037F93D /* Assets.xcassets */; };
		36705E6C27DD0C2F0037F93D /* LaunchScreen.storyboard in Resources */ = {isa = PBXBuildFile; fileRef = 36705E6A27DD0C2F0037F93D /* LaunchScreen.storyboard */; };
		36705E7727DD0C2F0037F93D /* ViperPatternKullanimiTests.swift in Sources */ = {isa = PBXBuildFile; fileRef = 36705E7627DD0C2F0037F93D /* ViperPatternKullanimiTests.swift */; };
		36705E8127DD0C2F0037F93D /* ViperPatternKullanimiUITests.swift in Sources */ = {isa = PBXBuildFile; fileRef = 36705E8027DD0C2F0037F93D /* ViperPatternKullanimiUITests.swift */; };
		36705E8327DD0C2F0037F93D /* ViperPatternKullanimiUITestsLaunchTests.swift in Sources */ = {isa = PBXBuildFile; fileRef = 36705E8227DD0C2F0037F93D /* ViperPatternKullanimiUITestsLaunchTests.swift */; };
		36705E9627DD13390037F93D /* Protocols.swift in Sources */ = {isa = PBXBuildFile; fileRef = 36705E9527DD13390037F93D /* Protocols.swift */; };
		36705E9827DD1ACD0037F93D /* Router.swift in Sources */ = {isa = PBXBuildFile; fileRef = 36705E9727DD1ACD0037F93D /* Router.swift */; };
		36705E9A27DD1B1A0037F93D /* Interactor.swift in Sources */ = {isa = PBXBuildFile; fileRef = 36705E9927DD1B1A0037F93D /* Interactor.swift */; };
		36705E9C27DD1B240037F93D /* Presenter.swift in Sources */ = {isa = PBXBuildFile; fileRef = 36705E9B27DD1B240037F93D /* Presenter.swift */; };
/* End PBXBuildFile section */

/* Begin PBXContainerItemProxy section */
		36705E7327DD0C2F0037F93D /* PBXContainerItemProxy */ = {
			isa = PBXContainerItemProxy;
			containerPortal = 36705E5427DD0C2E0037F93D /* Project object */;
			proxyType = 1;
			remoteGlobalIDString = 36705E5B27DD0C2E0037F93D;
			remoteInfo = ViperPatternKullanimi;
		};
		36705E7D27DD0C2F0037F93D /* PBXContainerItemProxy */ = {
			isa = PBXContainerItemProxy;
			containerPortal = 36705E5427DD0C2E0037F93D /* Project object */;
			proxyType = 1;
			remoteGlobalIDString = 36705E5B27DD0C2E0037F93D;
			remoteInfo = ViperPatternKullanimi;
		};
/* End PBXContainerItemProxy section */

/* Begin PBXFileReference section */
		36705E5C27DD0C2E0037F93D /* ViperPatternKullanimi.app */ = {isa = PBXFileReference; explicitFileType = wrapper.application; includeInIndex = 0; path = ViperPatternKullanimi.app; sourceTree = BUILT_PRODUCTS_DIR; };
		36705E5F27DD0C2E0037F93D /* AppDelegate.swift */ = {isa = PBXFileReference; lastKnownFileType = sourcecode.swift; path = AppDelegate.swift; sourceTree = "<group>"; };
		36705E6127DD0C2E0037F93D /* SceneDelegate.swift */ = {isa = PBXFileReference; lastKnownFileType = sourcecode.swift; path = SceneDelegate.swift; sourceTree = "<group>"; };
		36705E6327DD0C2E0037F93D /* ViewController.swift */ = {isa = PBXFileReference; lastKnownFileType = sourcecode.swift; path = ViewController.swift; sourceTree = "<group>"; };
		36705E6627DD0C2E0037F93D /* Base */ = {isa = PBXFileReference; lastKnownFileType = file.storyboard; name = Base; path = Base.lproj/Main.storyboard; sourceTree = "<group>"; };
		36705E6827DD0C2F0037F93D /* Assets.xcassets */ = {isa = PBXFileReference; lastKnownFileType = folder.assetcatalog; path = Assets.xcassets; sourceTree = "<group>"; };
		36705E6B27DD0C2F0037F93D /* Base */ = {isa = PBXFileReference; lastKnownFileType = file.storyboard; name = Base; path = Base.lproj/LaunchScreen.storyboard; sourceTree = "<group>"; };
		36705E6D27DD0C2F0037F93D /* Info.plist */ = {isa = PBXFileReference; lastKnownFileType = text.plist.xml; path = Info.plist; sourceTree = "<group>"; };
		36705E7227DD0C2F0037F93D /* ViperPatternKullanimiTests.xctest */ = {isa = PBXFileReference; explicitFileType = wrapper.cfbundle; includeInIndex = 0; path = ViperPatternKullanimiTests.xctest; sourceTree = BUILT_PRODUCTS_DIR; };
		36705E7627DD0C2F0037F93D /* ViperPatternKullanimiTests.swift */ = {isa = PBXFileReference; lastKnownFileType = sourcecode.swift; path = ViperPatternKullanimiTests.swift; sourceTree = "<group>"; };
		36705E7C27DD0C2F0037F93D /* ViperPatternKullanimiUITests.xctest */ = {isa = PBXFileReference; explicitFileType = wrapper.cfbundle; includeInIndex = 0; path = ViperPatternKullanimiUITests.xctest; sourceTree = BUILT_PRODUCTS_DIR; };
		36705E8027DD0C2F0037F93D /* ViperPatternKullanimiUITests.swift */ = {isa = PBXFileReference; lastKnownFileType = sourcecode.swift; path = ViperPatternKullanimiUITests.swift; sourceTree = "<group>"; };
		36705E8227DD0C2F0037F93D /* ViperPatternKullanimiUITestsLaunchTests.swift */ = {isa = PBXFileReference; lastKnownFileType = sourcecode.swift; path = ViperPatternKullanimiUITestsLaunchTests.swift; sourceTree = "<group>"; };
		36705E9527DD13390037F93D /* Protocols.swift */ = {isa = PBXFileReference; lastKnownFileType = sourcecode.swift; path = Protocols.swift; sourceTree = "<group>"; };
		36705E9727DD1ACD0037F93D /* Router.swift */ = {isa = PBXFileReference; lastKnownFileType = sourcecode.swift; path = Router.swift; sourceTree = "<group>"; };
		36705E9927DD1B1A0037F93D /* Interactor.swift */ = {isa = PBXFileReference; lastKnownFileType = sourcecode.swift; path = Interactor.swift; sourceTree = "<group>"; };
		36705E9B27DD1B240037F93D /* Presenter.swift */ = {isa = PBXFileReference; lastKnownFileType = sourcecode.swift; path = Presenter.swift; sourceTree = "<group>"; };
/* End PBXFileReference section */

/* Begin PBXFrameworksBuildPhase section */
		36705E5927DD0C2E0037F93D /* Frameworks */ = {
			isa = PBXFrameworksBuildPhase;
			buildActionMask = 2147483647;
			files = (
			);
			runOnlyForDeploymentPostprocessing = 0;
		};
		36705E6F27DD0C2F0037F93D /* Frameworks */ = {
			isa = PBXFrameworksBuildPhase;
			buildActionMask = 2147483647;
			files = (
			);
			runOnlyForDeploymentPostprocessing = 0;
		};
		36705E7927DD0C2F0037F93D /* Frameworks */ = {
			isa = PBXFrameworksBuildPhase;
			buildActionMask = 2147483647;
			files = (
			);
			runOnlyForDeploymentPostprocessing = 0;
		};
/* End PBXFrameworksBuildPhase section */

/* Begin PBXGroup section */
		36705E5327DD0C2E0037F93D = {
			isa = PBXGroup;
			children = (
				36705E5E27DD0C2E0037F93D /* ViperPatternKullanimi */,
				36705E7527DD0C2F0037F93D /* ViperPatternKullanimiTests */,
				36705E7F27DD0C2F0037F93D /* ViperPatternKullanimiUITests */,
				36705E5D27DD0C2E0037F93D /* Products */,
			);
			sourceTree = "<group>";
		};
		36705E5D27DD0C2E0037F93D /* Products */ = {
			isa = PBXGroup;
			children = (
				36705E5C27DD0C2E0037F93D /* ViperPatternKullanimi.app */,
				36705E7227DD0C2F0037F93D /* ViperPatternKullanimiTests.xctest */,
				36705E7C27DD0C2F0037F93D /* ViperPatternKullanimiUITests.xctest */,
			);
			name = Products;
			sourceTree = "<group>";
		};
		36705E5E27DD0C2E0037F93D /* ViperPatternKullanimi */ = {
			isa = PBXGroup;
			children = (
				36705E8F27DD129C0037F93D /* anasayfa-module */,
				36705E5F27DD0C2E0037F93D /* AppDelegate.swift */,
				36705E6127DD0C2E0037F93D /* SceneDelegate.swift */,
				36705E6527DD0C2E0037F93D /* Main.storyboard */,
				36705E6827DD0C2F0037F93D /* Assets.xcassets */,
				36705E6A27DD0C2F0037F93D /* LaunchScreen.storyboard */,
				36705E6D27DD0C2F0037F93D /* Info.plist */,
			);
			path = ViperPatternKullanimi;
			sourceTree = "<group>";
		};
		36705E7527DD0C2F0037F93D /* ViperPatternKullanimiTests */ = {
			isa = PBXGroup;
			children = (
				36705E7627DD0C2F0037F93D /* ViperPatternKullanimiTests.swift */,
			);
			path = ViperPatternKullanimiTests;
			sourceTree = "<group>";
		};
		36705E7F27DD0C2F0037F93D /* ViperPatternKullanimiUITests */ = {
			isa = PBXGroup;
			children = (
				36705E8027DD0C2F0037F93D /* ViperPatternKullanimiUITests.swift */,
				36705E8227DD0C2F0037F93D /* ViperPatternKullanimiUITestsLaunchTests.swift */,
			);
			path = ViperPatternKullanimiUITests;
			sourceTree = "<group>";
		};
		36705E8F27DD129C0037F93D /* anasayfa-module */ = {
			isa = PBXGroup;
			children = (
				36705E9027DD12C00037F93D /* view */,
				36705E9327DD12D00037F93D /* interactor */,
				36705E9227DD12CA0037F93D /* presenter */,
				36705E9427DD12DA0037F93D /* router */,
				36705E9127DD12C50037F93D /* protocols */,
			);
			path = "anasayfa-module";
			sourceTree = "<group>";
		};
		36705E9027DD12C00037F93D /* view */ = {
			isa = PBXGroup;
			children = (
				36705E6327DD0C2E0037F93D /* ViewController.swift */,
			);
			path = view;
			sourceTree = "<group>";
		};
		36705E9127DD12C50037F93D /* protocols */ = {
			isa = PBXGroup;
			children = (
				36705E9527DD13390037F93D /* Protocols.swift */,
			);
			path = protocols;
			sourceTree = "<group>";
		};
		36705E9227DD12CA0037F93D /* presenter */ = {
			isa = PBXGroup;
			children = (
				36705E9B27DD1B240037F93D /* Presenter.swift */,
			);
			path = presenter;
			sourceTree = "<group>";
		};
		36705E9327DD12D00037F93D /* interactor */ = {
			isa = PBXGroup;
			children = (
				36705E9927DD1B1A0037F93D /* Interactor.swift */,
			);
			path = interactor;
			sourceTree = "<group>";
		};
		36705E9427DD12DA0037F93D /* router */ = {
			isa = PBXGroup;
			children = (
				36705E9727DD1ACD0037F93D /* Router.swift */,
			);
			path = router;
			sourceTree = "<group>";
		};
/* End PBXGroup section */

/* Begin PBXNativeTarget section */
		36705E5B27DD0C2E0037F93D /* ViperPatternKullanimi */ = {
			isa = PBXNativeTarget;
			buildConfigurationList = 36705E8627DD0C2F0037F93D /* Build configuration list for PBXNativeTarget "ViperPatternKullanimi" */;
			buildPhases = (
				36705E5827DD0C2E0037F93D /* Sources */,
				36705E5927DD0C2E0037F93D /* Frameworks */,
				36705E5A27DD0C2E0037F93D /* Resources */,
			);
			buildRules = (
			);
			dependencies = (
			);
			name = ViperPatternKullanimi;
			productName = ViperPatternKullanimi;
			productReference = 36705E5C27DD0C2E0037F93D /* ViperPatternKullanimi.app */;
			productType = "com.apple.product-type.application";
		};
		36705E7127DD0C2F0037F93D /* ViperPatternKullanimiTests */ = {
			isa = PBXNativeTarget;
			buildConfigurationList = 36705E8927DD0C2F0037F93D /* Build configuration list for PBXNativeTarget "ViperPatternKullanimiTests" */;
			buildPhases = (
				36705E6E27DD0C2F0037F93D /* Sources */,
				36705E6F27DD0C2F0037F93D /* Frameworks */,
				36705E7027DD0C2F0037F93D /* Resources */,
			);
			buildRules = (
			);
			dependencies = (
				36705E7427DD0C2F0037F93D /* PBXTargetDependency */,
			);
			name = ViperPatternKullanimiTests;
			productName = ViperPatternKullanimiTests;
			productReference = 36705E7227DD0C2F0037F93D /* ViperPatternKullanimiTests.xctest */;
			productType = "com.apple.product-type.bundle.unit-test";
		};
		36705E7B27DD0C2F0037F93D /* ViperPatternKullanimiUITests */ = {
			isa = PBXNativeTarget;
			buildConfigurationList = 36705E8C27DD0C2F0037F93D /* Build configuration list for PBXNativeTarget "ViperPatternKullanimiUITests" */;
			buildPhases = (
				36705E7827DD0C2F0037F93D /* Sources */,
				36705E7927DD0C2F0037F93D /* Frameworks */,
				36705E7A27DD0C2F0037F93D /* Resources */,
			);
			buildRules = (
			);
			dependencies = (
				36705E7E27DD0C2F0037F93D /* PBXTargetDependency */,
			);
			name = ViperPatternKullanimiUITests;
			productName = ViperPatternKullanimiUITests;
			productReference = 36705E7C27DD0C2F0037F93D /* ViperPatternKullanimiUITests.xctest */;
			productType = "com.apple.product-type.bundle.ui-testing";
		};
/* End PBXNativeTarget section */

/* Begin PBXProject section */
		36705E5427DD0C2E0037F93D /* Project object */ = {
			isa = PBXProject;
			attributes = {
				BuildIndependentTargetsInParallel = 1;
				LastSwiftUpdateCheck = 1320;
				LastUpgradeCheck = 1320;
				TargetAttributes = {
					36705E5B27DD0C2E0037F93D = {
						CreatedOnToolsVersion = 13.2.1;
					};
					36705E7127DD0C2F0037F93D = {
						CreatedOnToolsVersion = 13.2.1;
						TestTargetID = 36705E5B27DD0C2E0037F93D;
					};
					36705E7B27DD0C2F0037F93D = {
						CreatedOnToolsVersion = 13.2.1;
						TestTargetID = 36705E5B27DD0C2E0037F93D;
					};
				};
			};
			buildConfigurationList = 36705E5727DD0C2E0037F93D /* Build configuration list for PBXProject "ViperPatternKullanimi" */;
			compatibilityVersion = "Xcode 13.0";
			developmentRegion = en;
			hasScannedForEncodings = 0;
			knownRegions = (
				en,
				Base,
			);
			mainGroup = 36705E5327DD0C2E0037F93D;
			productRefGroup = 36705E5D27DD0C2E0037F93D /* Products */;
			projectDirPath = "";
			projectRoot = "";
			targets = (
				36705E5B27DD0C2E0037F93D /* ViperPatternKullanimi */,
				36705E7127DD0C2F0037F93D /* ViperPatternKullanimiTests */,
				36705E7B27DD0C2F0037F93D /* ViperPatternKullanimiUITests */,
			);
		};
/* End PBXProject section */

/* Begin PBXResourcesBuildPhase section */
		36705E5A27DD0C2E0037F93D /* Resources */ = {
			isa = PBXResourcesBuildPhase;
			buildActionMask = 2147483647;
			files = (
				36705E6C27DD0C2F0037F93D /* LaunchScreen.storyboard in Resources */,
				36705E6927DD0C2F0037F93D /* Assets.xcassets in Resources */,
				36705E6727DD0C2E0037F93D /* Main.storyboard in Resources */,
			);
			runOnlyForDeploymentPostprocessing = 0;
		};
		36705E7027DD0C2F0037F93D /* Resources */ = {
			isa = PBXResourcesBuildPhase;
			buildActionMask = 2147483647;
			files = (
			);
			runOnlyForDeploymentPostprocessing = 0;
		};
		36705E7A27DD0C2F0037F93D /* Resources */ = {
			isa = PBXResourcesBuildPhase;
			buildActionMask = 2147483647;
			files = (
			);
			runOnlyForDeploymentPostprocessing = 0;
		};
/* End PBXResourcesBuildPhase section */

/* Begin PBXSourcesBuildPhase section */
		36705E5827DD0C2E0037F93D /* Sources */ = {
			isa = PBXSourcesBuildPhase;
			buildActionMask = 2147483647;
			files = (
				36705E9A27DD1B1A0037F93D /* Interactor.swift in Sources */,
				36705E9C27DD1B240037F93D /* Presenter.swift in Sources */,
				36705E6427DD0C2E0037F93D /* ViewController.swift in Sources */,
				36705E6027DD0C2E0037F93D /* AppDelegate.swift in Sources */,
				36705E9827DD1ACD0037F93D /* Router.swift in Sources */,
				36705E6227DD0C2E0037F93D /* SceneDelegate.swift in Sources */,
				36705E9627DD13390037F93D /* Protocols.swift in Sources */,
			);
			runOnlyForDeploymentPostprocessing = 0;
		};
		36705E6E27DD0C2F0037F93D /* Sources */ = {
			isa = PBXSourcesBuildPhase;
			buildActionMask = 2147483647;
			files = (
				36705E7727DD0C2F0037F93D /* ViperPatternKullanimiTests.swift in Sources */,
			);
			runOnlyForDeploymentPostprocessing = 0;
		};
		36705E7827DD0C2F0037F93D /* Sources */ = {
			isa = PBXSourcesBuildPhase;
			buildActionMask = 2147483647;
			files = (
				36705E8127DD0C2F0037F93D /* ViperPatternKullanimiUITests.swift in Sources */,
				36705E8327DD0C2F0037F93D /* ViperPatternKullanimiUITestsLaunchTests.swift in Sources */,
			);
			runOnlyForDeploymentPostprocessing = 0;
		};
/* End PBXSourcesBuildPhase section */

/* Begin PBXTargetDependency section */
		36705E7427DD0C2F0037F93D /* PBXTargetDependency */ = {
			isa = PBXTargetDependency;
			target = 36705E5B27DD0C2E0037F93D /* ViperPatternKullanimi */;
			targetProxy = 36705E7327DD0C2F0037F93D /* PBXContainerItemProxy */;
		};
		36705E7E27DD0C2F0037F93D /* PBXTargetDependency */ = {
			isa = PBXTargetDependency;
			target = 36705E5B27DD0C2E0037F93D /* ViperPatternKullanimi */;
			targetProxy = 36705E7D27DD0C2F0037F93D /* PBXContainerItemProxy */;
		};
/* End PBXTargetDependency section */

/* Begin PBXVariantGroup section */
		36705E6527DD0C2E0037F93D /* Main.storyboard */ = {
			isa = PBXVariantGroup;
			children = (
				36705E6627DD0C2E0037F93D /* Base */,
			);
			name = Main.storyboard;
			sourceTree = "<group>";
		};
		36705E6A27DD0C2F0037F93D /* LaunchScreen.storyboard */ = {
			isa = PBXVariantGroup;
			children = (
				36705E6B27DD0C2F0037F93D /* Base */,
			);
			name = LaunchScreen.storyboard;
			sourceTree = "<group>";
		};
/* End PBXVariantGroup section */

/* Begin XCBuildConfiguration section */
		36705E8427DD0C2F0037F93D /* Debug */ = {
			isa = XCBuildConfiguration;
			buildSettings = {
				ALWAYS_SEARCH_USER_PATHS = NO;
				CLANG_ANALYZER_NONNULL = YES;
				CLANG_ANALYZER_NUMBER_OBJECT_CONVERSION = YES_AGGRESSIVE;
				CLANG_CXX_LANGUAGE_STANDARD = "gnu++17";
				CLANG_CXX_LIBRARY = "libc++";
				CLANG_ENABLE_MODULES = YES;
				CLANG_ENABLE_OBJC_ARC = YES;
				CLANG_ENABLE_OBJC_WEAK = YES;
				CLANG_WARN_BLOCK_CAPTURE_AUTORELEASING = YES;
				CLANG_WARN_BOOL_CONVERSION = YES;
				CLANG_WARN_COMMA = YES;
				CLANG_WARN_CONSTANT_CONVERSION = YES;
				CLANG_WARN_DEPRECATED_OBJC_IMPLEMENTATIONS = YES;
				CLANG_WARN_DIRECT_OBJC_ISA_USAGE = YES_ERROR;
				CLANG_WARN_DOCUMENTATION_COMMENTS = YES;
				CLANG_WARN_EMPTY_BODY = YES;
				CLANG_WARN_ENUM_CONVERSION = YES;
				CLANG_WARN_INFINITE_RECURSION = YES;
				CLANG_WARN_INT_CONVERSION = YES;
				CLANG_WARN_NON_LITERAL_NULL_CONVERSION = YES;
				CLANG_WARN_OBJC_IMPLICIT_RETAIN_SELF = YES;
				CLANG_WARN_OBJC_LITERAL_CONVERSION = YES;
				CLANG_WARN_OBJC_ROOT_CLASS = YES_ERROR;
				CLANG_WARN_QUOTED_INCLUDE_IN_FRAMEWORK_HEADER = YES;
				CLANG_WARN_RANGE_LOOP_ANALYSIS = YES;
				CLANG_WARN_STRICT_PROTOTYPES = YES;
				CLANG_WARN_SUSPICIOUS_MOVE = YES;
				CLANG_WARN_UNGUARDED_AVAILABILITY = YES_AGGRESSIVE;
				CLANG_WARN_UNREACHABLE_CODE = YES;
				CLANG_WARN__DUPLICATE_METHOD_MATCH = YES;
				COPY_PHASE_STRIP = NO;
				DEBUG_INFORMATION_FORMAT = dwarf;
				ENABLE_STRICT_OBJC_MSGSEND = YES;
				ENABLE_TESTABILITY = YES;
				GCC_C_LANGUAGE_STANDARD = gnu11;
				GCC_DYNAMIC_NO_PIC = NO;
				GCC_NO_COMMON_BLOCKS = YES;
				GCC_OPTIMIZATION_LEVEL = 0;
				GCC_PREPROCESSOR_DEFINITIONS = (
					"DEBUG=1",
					"$(inherited)",
				);
				GCC_WARN_64_TO_32_BIT_CONVERSION = YES;
				GCC_WARN_ABOUT_RETURN_TYPE = YES_ERROR;
				GCC_WARN_UNDECLARED_SELECTOR = YES;
				GCC_WARN_UNINITIALIZED_AUTOS = YES_AGGRESSIVE;
				GCC_WARN_UNUSED_FUNCTION = YES;
				GCC_WARN_UNUSED_VARIABLE = YES;
				IPHONEOS_DEPLOYMENT_TARGET = 15.2;
				MTL_ENABLE_DEBUG_INFO = INCLUDE_SOURCE;
				MTL_FAST_MATH = YES;
				ONLY_ACTIVE_ARCH = YES;
				SDKROOT = iphoneos;
				SWIFT_ACTIVE_COMPILATION_CONDITIONS = DEBUG;
				SWIFT_OPTIMIZATION_LEVEL = "-Onone";
			};
			name = Debug;
		};
		36705E8527DD0C2F0037F93D /* Release */ = {
			isa = XCBuildConfiguration;
			buildSettings = {
				ALWAYS_SEARCH_USER_PATHS = NO;
				CLANG_ANALYZER_NONNULL = YES;
				CLANG_ANALYZER_NUMBER_OBJECT_CONVERSION = YES_AGGRESSIVE;
				CLANG_CXX_LANGUAGE_STANDARD = "gnu++17";
				CLANG_CXX_LIBRARY = "libc++";
				CLANG_ENABLE_MODULES = YES;
				CLANG_ENABLE_OBJC_ARC = YES;
				CLANG_ENABLE_OBJC_WEAK = YES;
				CLANG_WARN_BLOCK_CAPTURE_AUTORELEASING = YES;
				CLANG_WARN_BOOL_CONVERSION = YES;
				CLANG_WARN_COMMA = YES;
				CLANG_WARN_CONSTANT_CONVERSION = YES;
				CLANG_WARN_DEPRECATED_OBJC_IMPLEMENTATIONS = YES;
				CLANG_WARN_DIRECT_OBJC_ISA_USAGE = YES_ERROR;
				CLANG_WARN_DOCUMENTATION_COMMENTS = YES;
				CLANG_WARN_EMPTY_BODY = YES;
				CLANG_WARN_ENUM_CONVERSION = YES;
				CLANG_WARN_INFINITE_RECURSION = YES;
				CLANG_WARN_INT_CONVERSION = YES;
				CLANG_WARN_NON_LITERAL_NULL_CONVERSION = YES;
				CLANG_WARN_OBJC_IMPLICIT_RETAIN_SELF = YES;
				CLANG_WARN_OBJC_LITERAL_CONVERSION = YES;
				CLANG_WARN_OBJC_ROOT_CLASS = YES_ERROR;
				CLANG_WARN_QUOTED_INCLUDE_IN_FRAMEWORK_HEADER = YES;
				CLANG_WARN_RANGE_LOOP_ANALYSIS = YES;
				CLANG_WARN_STRICT_PROTOTYPES = YES;
				CLANG_WARN_SUSPICIOUS_MOVE = YES;
				CLANG_WARN_UNGUARDED_AVAILABILITY = YES_AGGRESSIVE;
				CLANG_WARN_UNREACHABLE_CODE = YES;
				CLANG_WARN__DUPLICATE_METHOD_MATCH = YES;
				COPY_PHASE_STRIP = NO;
				DEBUG_INFORMATION_FORMAT = "dwarf-with-dsym";
				ENABLE_NS_ASSERTIONS = NO;
				ENABLE_STRICT_OBJC_MSGSEND = YES;
				GCC_C_LANGUAGE_STANDARD = gnu11;
				GCC_NO_COMMON_BLOCKS = YES;
				GCC_WARN_64_TO_32_BIT_CONVERSION = YES;
				GCC_WARN_ABOUT_RETURN_TYPE = YES_ERROR;
				GCC_WARN_UNDECLARED_SELECTOR = YES;
				GCC_WARN_UNINITIALIZED_AUTOS = YES_AGGRESSIVE;
				GCC_WARN_UNUSED_FUNCTION = YES;
				GCC_WARN_UNUSED_VARIABLE = YES;
				IPHONEOS_DEPLOYMENT_TARGET = 15.2;
				MTL_ENABLE_DEBUG_INFO = NO;
				MTL_FAST_MATH = YES;
				SDKROOT = iphoneos;
				SWIFT_COMPILATION_MODE = wholemodule;
				SWIFT_OPTIMIZATION_LEVEL = "-O";
				VALIDATE_PRODUCT = YES;
			};
			name = Release;
		};
		36705E8727DD0C2F0037F93D /* Debug */ = {
			isa = XCBuildConfiguration;
			buildSettings = {
				ASSETCATALOG_COMPILER_APPICON_NAME = AppIcon;
				ASSETCATALOG_COMPILER_GLOBAL_ACCENT_COLOR_NAME = AccentColor;
				CODE_SIGN_STYLE = Automatic;
				CURRENT_PROJECT_VERSION = 1;
				DEVELOPMENT_TEAM = 32L9LV3KSY;
				GENERATE_INFOPLIST_FILE = YES;
				INFOPLIST_FILE = ViperPatternKullanimi/Info.plist;
				INFOPLIST_KEY_UIApplicationSupportsIndirectInputEvents = YES;
				INFOPLIST_KEY_UILaunchStoryboardName = LaunchScreen;
				INFOPLIST_KEY_UIMainStoryboardFile = Main;
				INFOPLIST_KEY_UISupportedInterfaceOrientations_iPad = "UIInterfaceOrientationPortrait UIInterfaceOrientationPortraitUpsideDown UIInterfaceOrientationLandscapeLeft UIInterfaceOrientationLandscapeRight";
				INFOPLIST_KEY_UISupportedInterfaceOrientations_iPhone = "UIInterfaceOrientationPortrait UIInterfaceOrientationLandscapeLeft UIInterfaceOrientationLandscapeRight";
				LD_RUNPATH_SEARCH_PATHS = (
					"$(inherited)",
					"@executable_path/Frameworks",
				);
				MARKETING_VERSION = 1.0;
				PRODUCT_BUNDLE_IDENTIFIER = com.canbi.ViperPatternKullanimi;
				PRODUCT_NAME = "$(TARGET_NAME)";
				SWIFT_EMIT_LOC_STRINGS = YES;
				SWIFT_VERSION = 5.0;
				TARGETED_DEVICE_FAMILY = "1,2";
			};
			name = Debug;
		};
		36705E8827DD0C2F0037F93D /* Release */ = {
			isa = XCBuildConfiguration;
			buildSettings = {
				ASSETCATALOG_COMPILER_APPICON_NAME = AppIcon;
				ASSETCATALOG_COMPILER_GLOBAL_ACCENT_COLOR_NAME = AccentColor;
				CODE_SIGN_STYLE = Automatic;
				CURRENT_PROJECT_VERSION = 1;
				DEVELOPMENT_TEAM = 32L9LV3KSY;
				GENERATE_INFOPLIST_FILE = YES;
				INFOPLIST_FILE = ViperPatternKullanimi/Info.plist;
				INFOPLIST_KEY_UIApplicationSupportsIndirectInputEvents = YES;
				INFOPLIST_KEY_UILaunchStoryboardName = LaunchScreen;
				INFOPLIST_KEY_UIMainStoryboardFile = Main;
				INFOPLIST_KEY_UISupportedInterfaceOrientations_iPad = "UIInterfaceOrientationPortrait UIInterfaceOrientationPortraitUpsideDown UIInterfaceOrientationLandscapeLeft UIInterfaceOrientationLandscapeRight";
				INFOPLIST_KEY_UISupportedInterfaceOrientations_iPhone = "UIInterfaceOrientationPortrait UIInterfaceOrientationLandscapeLeft UIInterfaceOrientationLandscapeRight";
				LD_RUNPATH_SEARCH_PATHS = (
					"$(inherited)",
					"@executable_path/Frameworks",
				);
				MARKETING_VERSION = 1.0;
				PRODUCT_BUNDLE_IDENTIFIER = com.canbi.ViperPatternKullanimi;
				PRODUCT_NAME = "$(TARGET_NAME)";
				SWIFT_EMIT_LOC_STRINGS = YES;
				SWIFT_VERSION = 5.0;
				TARGETED_DEVICE_FAMILY = "1,2";
			};
			name = Release;
		};
		36705E8A27DD0C2F0037F93D /* Debug */ = {
			isa = XCBuildConfiguration;
			buildSettings = {
				ALWAYS_EMBED_SWIFT_STANDARD_LIBRARIES = YES;
				BUNDLE_LOADER = "$(TEST_HOST)";
				CODE_SIGN_STYLE = Automatic;
				CURRENT_PROJECT_VERSION = 1;
				DEVELOPMENT_TEAM = 32L9LV3KSY;
				GENERATE_INFOPLIST_FILE = YES;
				IPHONEOS_DEPLOYMENT_TARGET = 15.2;
				MARKETING_VERSION = 1.0;
				PRODUCT_BUNDLE_IDENTIFIER = com.canbi.ViperPatternKullanimiTests;
				PRODUCT_NAME = "$(TARGET_NAME)";
				SWIFT_EMIT_LOC_STRINGS = NO;
				SWIFT_VERSION = 5.0;
				TARGETED_DEVICE_FAMILY = "1,2";
				TEST_HOST = "$(BUILT_PRODUCTS_DIR)/ViperPatternKullanimi.app/ViperPatternKullanimi";
			};
			name = Debug;
		};
		36705E8B27DD0C2F0037F93D /* Release */ = {
			isa = XCBuildConfiguration;
			buildSettings = {
				ALWAYS_EMBED_SWIFT_STANDARD_LIBRARIES = YES;
				BUNDLE_LOADER = "$(TEST_HOST)";
				CODE_SIGN_STYLE = Automatic;
				CURRENT_PROJECT_VERSION = 1;
				DEVELOPMENT_TEAM = 32L9LV3KSY;
				GENERATE_INFOPLIST_FILE = YES;
				IPHONEOS_DEPLOYMENT_TARGET = 15.2;
				MARKETING_VERSION = 1.0;
				PRODUCT_BUNDLE_IDENTIFIER = com.canbi.ViperPatternKullanimiTests;
				PRODUCT_NAME = "$(TARGET_NAME)";
				SWIFT_EMIT_LOC_STRINGS = NO;
				SWIFT_VERSION = 5.0;
				TARGETED_DEVICE_FAMILY = "1,2";
				TEST_HOST = "$(BUILT_PRODUCTS_DIR)/ViperPatternKullanimi.app/ViperPatternKullanimi";
			};
			name = Release;
		};
		36705E8D27DD0C2F0037F93D /* Debug */ = {
			isa = XCBuildConfiguration;
			buildSettings = {
				ALWAYS_EMBED_SWIFT_STANDARD_LIBRARIES = YES;
				CODE_SIGN_STYLE = Automatic;
				CURRENT_PROJECT_VERSION = 1;
				DEVELOPMENT_TEAM = 32L9LV3KSY;
				GENERATE_INFOPLIST_FILE = YES;
				MARKETING_VERSION = 1.0;
				PRODUCT_BUNDLE_IDENTIFIER = com.canbi.ViperPatternKullanimiUITests;
				PRODUCT_NAME = "$(TARGET_NAME)";
				SWIFT_EMIT_LOC_STRINGS = NO;
				SWIFT_VERSION = 5.0;
				TARGETED_DEVICE_FAMILY = "1,2";
				TEST_TARGET_NAME = ViperPatternKullanimi;
			};
			name = Debug;
		};
		36705E8E27DD0C2F0037F93D /* Release */ = {
			isa = XCBuildConfiguration;
			buildSettings = {
				ALWAYS_EMBED_SWIFT_STANDARD_LIBRARIES = YES;
				CODE_SIGN_STYLE = Automatic;
				CURRENT_PROJECT_VERSION = 1;
				DEVELOPMENT_TEAM = 32L9LV3KSY;
				GENERATE_INFOPLIST_FILE = YES;
				MARKETING_VERSION = 1.0;
				PRODUCT_BUNDLE_IDENTIFIER = com.canbi.ViperPatternKullanimiUITests;
				PRODUCT_NAME = "$(TARGET_NAME)";
				SWIFT_EMIT_LOC_STRINGS = NO;
				SWIFT_VERSION = 5.0;
				TARGETED_DEVICE_FAMILY = "1,2";
				TEST_TARGET_NAME = ViperPatternKullanimi;
			};
			name = Release;
		};
/* End XCBuildConfiguration section */

/* Begin XCConfigurationList section */
		36705E5727DD0C2E0037F93D /* Build configuration list for PBXProject "ViperPatternKullanimi" */ = {
			isa = XCConfigurationList;
			buildConfigurations = (
				36705E8427DD0C2F0037F93D /* Debug */,
				36705E8527DD0C2F0037F93D /* Release */,
			);
			defaultConfigurationIsVisible = 0;
			defaultConfigurationName = Release;
		};
		36705E8627DD0C2F0037F93D /* Build configuration list for PBXNativeTarget "ViperPatternKullanimi" */ = {
			isa = XCConfigurationList;
			buildConfigurations = (
				36705E8727DD0C2F0037F93D /* Debug */,
				36705E8827DD0C2F0037F93D /* Release */,
			);
			defaultConfigurationIsVisible = 0;
			defaultConfigurationName = Release;
		};
		36705E8927DD0C2F0037F93D /* Build configuration list for PBXNativeTarget "ViperPatternKullanimiTests" */ = {
			isa = XCConfigurationList;
			buildConfigurations = (
				36705E8A27DD0C2F0037F93D /* Debug */,
				36705E8B27DD0C2F0037F93D /* Release */,
			);
			defaultConfigurationIsVisible = 0;
			defaultConfigurationName = Release;
		};
		36705E8C27DD0C2F0037F93D /* Build configuration list for PBXNativeTarget "ViperPatternKullanimiUITests" */ = {
			isa = XCConfigurationList;
			buildConfigurations = (
				36705E8D27DD0C2F0037F93D /* Debug */,
				36705E8E27DD0C2F0037F93D /* Release */,
			);
			defaultConfigurationIsVisible = 0;
			defaultConfigurationName = Release;
		};
/* End XCConfigurationList section */
	};
	rootObject = 36705E5427DD0C2E0037F93D /* Project object */;
}
