// !$*UTF8*$!
{
	archiveVersion = 1;
	classes = {
	};
	objectVersion = 55;
	objects = {

/* Begin PBXBuildFile section */
		36B70E3D27C3F1E100C007B4 /* AppDelegate.swift in Sources */ = {isa = PBXBuildFile; fileRef = 36B70E3C27C3F1E100C007B4 /* AppDelegate.swift */; };
		36B70E3F27C3F1E100C007B4 /* SceneDelegate.swift in Sources */ = {isa = PBXBuildFile; fileRef = 36B70E3E27C3F1E100C007B4 /* SceneDelegate.swift */; };
		36B70E4127C3F1E100C007B4 /* ViewController.swift in Sources */ = {isa = PBXBuildFile; fileRef = 36B70E4027C3F1E100C007B4 /* ViewController.swift */; };
		36B70E4427C3F1E100C007B4 /* Main.storyboard in Resources */ = {isa = PBXBuildFile; fileRef = 36B70E4227C3F1E100C007B4 /* Main.storyboard */; };
		36B70E4627C3F1E200C007B4 /* Assets.xcassets in Resources */ = {isa = PBXBuildFile; fileRef = 36B70E4527C3F1E200C007B4 /* Assets.xcassets */; };
		36B70E4927C3F1E200C007B4 /* LaunchScreen.storyboard in Resources */ = {isa = PBXBuildFile; fileRef = 36B70E4727C3F1E200C007B4 /* LaunchScreen.storyboard */; };
		36B70E5427C3F1E200C007B4 /* TasarimCalismasiTests.swift in Sources */ = {isa = PBXBuildFile; fileRef = 36B70E5327C3F1E200C007B4 /* TasarimCalismasiTests.swift */; };
		36B70E5E27C3F1E200C007B4 /* TasarimCalismasiUITests.swift in Sources */ = {isa = PBXBuildFile; fileRef = 36B70E5D27C3F1E200C007B4 /* TasarimCalismasiUITests.swift */; };
		36B70E6027C3F1E200C007B4 /* TasarimCalismasiUITestsLaunchTests.swift in Sources */ = {isa = PBXBuildFile; fileRef = 36B70E5F27C3F1E200C007B4 /* TasarimCalismasiUITestsLaunchTests.swift */; };
		36B70E6E27C4085600C007B4 /* Pacifico-Regular.ttf in Resources */ = {isa = PBXBuildFile; fileRef = 36B70E6D27C4085600C007B4 /* Pacifico-Regular.ttf */; };
/* End PBXBuildFile section */

/* Begin PBXContainerItemProxy section */
		36B70E5027C3F1E200C007B4 /* PBXContainerItemProxy */ = {
			isa = PBXContainerItemProxy;
			containerPortal = 36B70E3127C3F1E100C007B4 /* Project object */;
			proxyType = 1;
			remoteGlobalIDString = 36B70E3827C3F1E100C007B4;
			remoteInfo = TasarimCalismasi;
		};
		36B70E5A27C3F1E200C007B4 /* PBXContainerItemProxy */ = {
			isa = PBXContainerItemProxy;
			containerPortal = 36B70E3127C3F1E100C007B4 /* Project object */;
			proxyType = 1;
			remoteGlobalIDString = 36B70E3827C3F1E100C007B4;
			remoteInfo = TasarimCalismasi;
		};
/* End PBXContainerItemProxy section */

/* Begin PBXFileReference section */
		36B70E3927C3F1E100C007B4 /* TasarimCalismasi.app */ = {isa = PBXFileReference; explicitFileType = wrapper.application; includeInIndex = 0; path = TasarimCalismasi.app; sourceTree = BUILT_PRODUCTS_DIR; };
		36B70E3C27C3F1E100C007B4 /* AppDelegate.swift */ = {isa = PBXFileReference; lastKnownFileType = sourcecode.swift; path = AppDelegate.swift; sourceTree = "<group>"; };
		36B70E3E27C3F1E100C007B4 /* SceneDelegate.swift */ = {isa = PBXFileReference; lastKnownFileType = sourcecode.swift; path = SceneDelegate.swift; sourceTree = "<group>"; };
		36B70E4027C3F1E100C007B4 /* ViewController.swift */ = {isa = PBXFileReference; lastKnownFileType = sourcecode.swift; path = ViewController.swift; sourceTree = "<group>"; };
		36B70E4327C3F1E100C007B4 /* Base */ = {isa = PBXFileReference; lastKnownFileType = file.storyboard; name = Base; path = Base.lproj/Main.storyboard; sourceTree = "<group>"; };
		36B70E4527C3F1E200C007B4 /* Assets.xcassets */ = {isa = PBXFileReference; lastKnownFileType = folder.assetcatalog; path = Assets.xcassets; sourceTree = "<group>"; };
		36B70E4827C3F1E200C007B4 /* Base */ = {isa = PBXFileReference; lastKnownFileType = file.storyboard; name = Base; path = Base.lproj/LaunchScreen.storyboard; sourceTree = "<group>"; };
		36B70E4A27C3F1E200C007B4 /* Info.plist */ = {isa = PBXFileReference; lastKnownFileType = text.plist.xml; path = Info.plist; sourceTree = "<group>"; };
		36B70E4F27C3F1E200C007B4 /* TasarimCalismasiTests.xctest */ = {isa = PBXFileReference; explicitFileType = wrapper.cfbundle; includeInIndex = 0; path = TasarimCalismasiTests.xctest; sourceTree = BUILT_PRODUCTS_DIR; };
		36B70E5327C3F1E200C007B4 /* TasarimCalismasiTests.swift */ = {isa = PBXFileReference; lastKnownFileType = sourcecode.swift; path = TasarimCalismasiTests.swift; sourceTree = "<group>"; };
		36B70E5927C3F1E200C007B4 /* TasarimCalismasiUITests.xctest */ = {isa = PBXFileReference; explicitFileType = wrapper.cfbundle; includeInIndex = 0; path = TasarimCalismasiUITests.xctest; sourceTree = BUILT_PRODUCTS_DIR; };
		36B70E5D27C3F1E200C007B4 /* TasarimCalismasiUITests.swift */ = {isa = PBXFileReference; lastKnownFileType = sourcecode.swift; path = TasarimCalismasiUITests.swift; sourceTree = "<group>"; };
		36B70E5F27C3F1E200C007B4 /* TasarimCalismasiUITestsLaunchTests.swift */ = {isa = PBXFileReference; lastKnownFileType = sourcecode.swift; path = TasarimCalismasiUITestsLaunchTests.swift; sourceTree = "<group>"; };
		36B70E6D27C4085600C007B4 /* Pacifico-Regular.ttf */ = {isa = PBXFileReference; lastKnownFileType = file; path = "Pacifico-Regular.ttf"; sourceTree = "<group>"; };
		36CF0D4327C6A4D80071FC81 /* tr */ = {isa = PBXFileReference; lastKnownFileType = text.plist.strings; name = tr; path = tr.lproj/Main.strings; sourceTree = "<group>"; };
		36CF0D4427C6A4D80071FC81 /* tr */ = {isa = PBXFileReference; lastKnownFileType = text.plist.strings; name = tr; path = tr.lproj/LaunchScreen.strings; sourceTree = "<group>"; };
/* End PBXFileReference section */

/* Begin PBXFrameworksBuildPhase section */
		36B70E3627C3F1E100C007B4 /* Frameworks */ = {
			isa = PBXFrameworksBuildPhase;
			buildActionMask = 2147483647;
			files = (
			);
			runOnlyForDeploymentPostprocessing = 0;
		};
		36B70E4C27C3F1E200C007B4 /* Frameworks */ = {
			isa = PBXFrameworksBuildPhase;
			buildActionMask = 2147483647;
			files = (
			);
			runOnlyForDeploymentPostprocessing = 0;
		};
		36B70E5627C3F1E200C007B4 /* Frameworks */ = {
			isa = PBXFrameworksBuildPhase;
			buildActionMask = 2147483647;
			files = (
			);
			runOnlyForDeploymentPostprocessing = 0;
		};
/* End PBXFrameworksBuildPhase section */

/* Begin PBXGroup section */
		36B70E3027C3F1E100C007B4 = {
			isa = PBXGroup;
			children = (
				36B70E3B27C3F1E100C007B4 /* TasarimCalismasi */,
				36B70E5227C3F1E200C007B4 /* TasarimCalismasiTests */,
				36B70E5C27C3F1E200C007B4 /* TasarimCalismasiUITests */,
				36B70E3A27C3F1E100C007B4 /* Products */,
			);
			sourceTree = "<group>";
		};
		36B70E3A27C3F1E100C007B4 /* Products */ = {
			isa = PBXGroup;
			children = (
				36B70E3927C3F1E100C007B4 /* TasarimCalismasi.app */,
				36B70E4F27C3F1E200C007B4 /* TasarimCalismasiTests.xctest */,
				36B70E5927C3F1E200C007B4 /* TasarimCalismasiUITests.xctest */,
			);
			name = Products;
			sourceTree = "<group>";
		};
		36B70E3B27C3F1E100C007B4 /* TasarimCalismasi */ = {
			isa = PBXGroup;
			children = (
				36B70E3C27C3F1E100C007B4 /* AppDelegate.swift */,
				36B70E3E27C3F1E100C007B4 /* SceneDelegate.swift */,
				36B70E4027C3F1E100C007B4 /* ViewController.swift */,
				36B70E6C27C4081700C007B4 /* Fonts */,
				36B70E4227C3F1E100C007B4 /* Main.storyboard */,
				36B70E4527C3F1E200C007B4 /* Assets.xcassets */,
				36B70E4727C3F1E200C007B4 /* LaunchScreen.storyboard */,
				36B70E4A27C3F1E200C007B4 /* Info.plist */,
			);
			path = TasarimCalismasi;
			sourceTree = "<group>";
		};
		36B70E5227C3F1E200C007B4 /* TasarimCalismasiTests */ = {
			isa = PBXGroup;
			children = (
				36B70E5327C3F1E200C007B4 /* TasarimCalismasiTests.swift */,
			);
			path = TasarimCalismasiTests;
			sourceTree = "<group>";
		};
		36B70E5C27C3F1E200C007B4 /* TasarimCalismasiUITests */ = {
			isa = PBXGroup;
			children = (
				36B70E5D27C3F1E200C007B4 /* TasarimCalismasiUITests.swift */,
				36B70E5F27C3F1E200C007B4 /* TasarimCalismasiUITestsLaunchTests.swift */,
			);
			path = TasarimCalismasiUITests;
			sourceTree = "<group>";
		};
		36B70E6C27C4081700C007B4 /* Fonts */ = {
			isa = PBXGroup;
			children = (
				36B70E6D27C4085600C007B4 /* Pacifico-Regular.ttf */,
			);
			path = Fonts;
			sourceTree = "<group>";
		};
/* End PBXGroup section */

/* Begin PBXNativeTarget section */
		36B70E3827C3F1E100C007B4 /* TasarimCalismasi */ = {
			isa = PBXNativeTarget;
			buildConfigurationList = 36B70E6327C3F1E200C007B4 /* Build configuration list for PBXNativeTarget "TasarimCalismasi" */;
			buildPhases = (
				36B70E3527C3F1E100C007B4 /* Sources */,
				36B70E3627C3F1E100C007B4 /* Frameworks */,
				36B70E3727C3F1E100C007B4 /* Resources */,
			);
			buildRules = (
			);
			dependencies = (
			);
			name = TasarimCalismasi;
			productName = TasarimCalismasi;
			productReference = 36B70E3927C3F1E100C007B4 /* TasarimCalismasi.app */;
			productType = "com.apple.product-type.application";
		};
		36B70E4E27C3F1E200C007B4 /* TasarimCalismasiTests */ = {
			isa = PBXNativeTarget;
			buildConfigurationList = 36B70E6627C3F1E200C007B4 /* Build configuration list for PBXNativeTarget "TasarimCalismasiTests" */;
			buildPhases = (
				36B70E4B27C3F1E200C007B4 /* Sources */,
				36B70E4C27C3F1E200C007B4 /* Frameworks */,
				36B70E4D27C3F1E200C007B4 /* Resources */,
			);
			buildRules = (
			);
			dependencies = (
				36B70E5127C3F1E200C007B4 /* PBXTargetDependency */,
			);
			name = TasarimCalismasiTests;
			productName = TasarimCalismasiTests;
			productReference = 36B70E4F27C3F1E200C007B4 /* TasarimCalismasiTests.xctest */;
			productType = "com.apple.product-type.bundle.unit-test";
		};
		36B70E5827C3F1E200C007B4 /* TasarimCalismasiUITests */ = {
			isa = PBXNativeTarget;
			buildConfigurationList = 36B70E6927C3F1E200C007B4 /* Build configuration list for PBXNativeTarget "TasarimCalismasiUITests" */;
			buildPhases = (
				36B70E5527C3F1E200C007B4 /* Sources */,
				36B70E5627C3F1E200C007B4 /* Frameworks */,
				36B70E5727C3F1E200C007B4 /* Resources */,
			);
			buildRules = (
			);
			dependencies = (
				36B70E5B27C3F1E200C007B4 /* PBXTargetDependency */,
			);
			name = TasarimCalismasiUITests;
			productName = TasarimCalismasiUITests;
			productReference = 36B70E5927C3F1E200C007B4 /* TasarimCalismasiUITests.xctest */;
			productType = "com.apple.product-type.bundle.ui-testing";
		};
/* End PBXNativeTarget section */

/* Begin PBXProject section */
		36B70E3127C3F1E100C007B4 /* Project object */ = {
			isa = PBXProject;
			attributes = {
				BuildIndependentTargetsInParallel = 1;
				LastSwiftUpdateCheck = 1320;
				LastUpgradeCheck = 1320;
				TargetAttributes = {
					36B70E3827C3F1E100C007B4 = {
						CreatedOnToolsVersion = 13.2.1;
					};
					36B70E4E27C3F1E200C007B4 = {
						CreatedOnToolsVersion = 13.2.1;
						TestTargetID = 36B70E3827C3F1E100C007B4;
					};
					36B70E5827C3F1E200C007B4 = {
						CreatedOnToolsVersion = 13.2.1;
						TestTargetID = 36B70E3827C3F1E100C007B4;
					};
				};
			};
			buildConfigurationList = 36B70E3427C3F1E100C007B4 /* Build configuration list for PBXProject "TasarimCalismasi" */;
			compatibilityVersion = "Xcode 13.0";
			developmentRegion = en;
			hasScannedForEncodings = 0;
			knownRegions = (
				en,
				Base,
				tr,
			);
			mainGroup = 36B70E3027C3F1E100C007B4;
			productRefGroup = 36B70E3A27C3F1E100C007B4 /* Products */;
			projectDirPath = "";
			projectRoot = "";
			targets = (
				36B70E3827C3F1E100C007B4 /* TasarimCalismasi */,
				36B70E4E27C3F1E200C007B4 /* TasarimCalismasiTests */,
				36B70E5827C3F1E200C007B4 /* TasarimCalismasiUITests */,
			);
		};
/* End PBXProject section */

/* Begin PBXResourcesBuildPhase section */
		36B70E3727C3F1E100C007B4 /* Resources */ = {
			isa = PBXResourcesBuildPhase;
			buildActionMask = 2147483647;
			files = (
				36B70E4927C3F1E200C007B4 /* LaunchScreen.storyboard in Resources */,
				36B70E6E27C4085600C007B4 /* Pacifico-Regular.ttf in Resources */,
				36B70E4627C3F1E200C007B4 /* Assets.xcassets in Resources */,
				36B70E4427C3F1E100C007B4 /* Main.storyboard in Resources */,
			);
			runOnlyForDeploymentPostprocessing = 0;
		};
		36B70E4D27C3F1E200C007B4 /* Resources */ = {
			isa = PBXResourcesBuildPhase;
			buildActionMask = 2147483647;
			files = (
			);
			runOnlyForDeploymentPostprocessing = 0;
		};
		36B70E5727C3F1E200C007B4 /* Resources */ = {
			isa = PBXResourcesBuildPhase;
			buildActionMask = 2147483647;
			files = (
			);
			runOnlyForDeploymentPostprocessing = 0;
		};
/* End PBXResourcesBuildPhase section */

/* Begin PBXSourcesBuildPhase section */
		36B70E3527C3F1E100C007B4 /* Sources */ = {
			isa = PBXSourcesBuildPhase;
			buildActionMask = 2147483647;
			files = (
				36B70E4127C3F1E100C007B4 /* ViewController.swift in Sources */,
				36B70E3D27C3F1E100C007B4 /* AppDelegate.swift in Sources */,
				36B70E3F27C3F1E100C007B4 /* SceneDelegate.swift in Sources */,
			);
			runOnlyForDeploymentPostprocessing = 0;
		};
		36B70E4B27C3F1E200C007B4 /* Sources */ = {
			isa = PBXSourcesBuildPhase;
			buildActionMask = 2147483647;
			files = (
				36B70E5427C3F1E200C007B4 /* TasarimCalismasiTests.swift in Sources */,
			);
			runOnlyForDeploymentPostprocessing = 0;
		};
		36B70E5527C3F1E200C007B4 /* Sources */ = {
			isa = PBXSourcesBuildPhase;
			buildActionMask = 2147483647;
			files = (
				36B70E5E27C3F1E200C007B4 /* TasarimCalismasiUITests.swift in Sources */,
				36B70E6027C3F1E200C007B4 /* TasarimCalismasiUITestsLaunchTests.swift in Sources */,
			);
			runOnlyForDeploymentPostprocessing = 0;
		};
/* End PBXSourcesBuildPhase section */

/* Begin PBXTargetDependency section */
		36B70E5127C3F1E200C007B4 /* PBXTargetDependency */ = {
			isa = PBXTargetDependency;
			target = 36B70E3827C3F1E100C007B4 /* TasarimCalismasi */;
			targetProxy = 36B70E5027C3F1E200C007B4 /* PBXContainerItemProxy */;
		};
		36B70E5B27C3F1E200C007B4 /* PBXTargetDependency */ = {
			isa = PBXTargetDependency;
			target = 36B70E3827C3F1E100C007B4 /* TasarimCalismasi */;
			targetProxy = 36B70E5A27C3F1E200C007B4 /* PBXContainerItemProxy */;
		};
/* End PBXTargetDependency section */

/* Begin PBXVariantGroup section */
		36B70E4227C3F1E100C007B4 /* Main.storyboard */ = {
			isa = PBXVariantGroup;
			children = (
				36B70E4327C3F1E100C007B4 /* Base */,
				36CF0D4327C6A4D80071FC81 /* tr */,
			);
			name = Main.storyboard;
			sourceTree = "<group>";
		};
		36B70E4727C3F1E200C007B4 /* LaunchScreen.storyboard */ = {
			isa = PBXVariantGroup;
			children = (
				36B70E4827C3F1E200C007B4 /* Base */,
				36CF0D4427C6A4D80071FC81 /* tr */,
			);
			name = LaunchScreen.storyboard;
			sourceTree = "<group>";
		};
/* End PBXVariantGroup section */

/* Begin XCBuildConfiguration section */
		36B70E6127C3F1E200C007B4 /* Debug */ = {
			isa = XCBuildConfiguration;
			buildSettings = {
				ALWAYS_SEARCH_USER_PATHS = NO;
				CLANG_ANALYZER_LOCALIZABILITY_NONLOCALIZED = YES;
				CLANG_ANALYZER_NONNULL = YES;
				CLANG_ANALYZER_NUMBER_OBJECT_CONVERSION = YES_AGGRESSIVE;
				CLANG_CXX_LANGUAGE_STANDARD = "gnu++17";
				CLANG_CXX_LIBRARY = "libc++";
				CLANG_ENABLE_MODULES = YES;
				CLANG_ENABLE_OBJC_ARC = YES;
				CLANG_ENABLE_OBJC_WEAK = YES;
				CLANG_WARN_BLOCK_CAPTURE_AUTORELEASING = YES;
				CLANG_WARN_BOOL_CONVERSION = YES;
				CLANG_WARN_COMMA = YES;
				CLANG_WARN_CONSTANT_CONVERSION = YES;
				CLANG_WARN_DEPRECATED_OBJC_IMPLEMENTATIONS = YES;
				CLANG_WARN_DIRECT_OBJC_ISA_USAGE = YES_ERROR;
				CLANG_WARN_DOCUMENTATION_COMMENTS = YES;
				CLANG_WARN_EMPTY_BODY = YES;
				CLANG_WARN_ENUM_CONVERSION = YES;
				CLANG_WARN_INFINITE_RECURSION = YES;
				CLANG_WARN_INT_CONVERSION = YES;
				CLANG_WARN_NON_LITERAL_NULL_CONVERSION = YES;
				CLANG_WARN_OBJC_IMPLICIT_RETAIN_SELF = YES;
				CLANG_WARN_OBJC_LITERAL_CONVERSION = YES;
				CLANG_WARN_OBJC_ROOT_CLASS = YES_ERROR;
				CLANG_WARN_QUOTED_INCLUDE_IN_FRAMEWORK_HEADER = YES;
				CLANG_WARN_RANGE_LOOP_ANALYSIS = YES;
				CLANG_WARN_STRICT_PROTOTYPES = YES;
				CLANG_WARN_SUSPICIOUS_MOVE = YES;
				CLANG_WARN_UNGUARDED_AVAILABILITY = YES_AGGRESSIVE;
				CLANG_WARN_UNREACHABLE_CODE = YES;
				CLANG_WARN__DUPLICATE_METHOD_MATCH = YES;
				COPY_PHASE_STRIP = NO;
				DEBUG_INFORMATION_FORMAT = dwarf;
				ENABLE_STRICT_OBJC_MSGSEND = YES;
				ENABLE_TESTABILITY = YES;
				GCC_C_LANGUAGE_STANDARD = gnu11;
				GCC_DYNAMIC_NO_PIC = NO;
				GCC_NO_COMMON_BLOCKS = YES;
				GCC_OPTIMIZATION_LEVEL = 0;
				GCC_PREPROCESSOR_DEFINITIONS = (
					"DEBUG=1",
					"$(inherited)",
				);
				GCC_WARN_64_TO_32_BIT_CONVERSION = YES;
				GCC_WARN_ABOUT_RETURN_TYPE = YES_ERROR;
				GCC_WARN_UNDECLARED_SELECTOR = YES;
				GCC_WARN_UNINITIALIZED_AUTOS = YES_AGGRESSIVE;
				GCC_WARN_UNUSED_FUNCTION = YES;
				GCC_WARN_UNUSED_VARIABLE = YES;
				IPHONEOS_DEPLOYMENT_TARGET = 15.2;
				MTL_ENABLE_DEBUG_INFO = INCLUDE_SOURCE;
				MTL_FAST_MATH = YES;
				ONLY_ACTIVE_ARCH = YES;
				SDKROOT = iphoneos;
				SWIFT_ACTIVE_COMPILATION_CONDITIONS = DEBUG;
				SWIFT_OPTIMIZATION_LEVEL = "-Onone";
			};
			name = Debug;
		};
		36B70E6227C3F1E200C007B4 /* Release */ = {
			isa = XCBuildConfiguration;
			buildSettings = {
				ALWAYS_SEARCH_USER_PATHS = NO;
				CLANG_ANALYZER_LOCALIZABILITY_NONLOCALIZED = YES;
				CLANG_ANALYZER_NONNULL = YES;
				CLANG_ANALYZER_NUMBER_OBJECT_CONVERSION = YES_AGGRESSIVE;
				CLANG_CXX_LANGUAGE_STANDARD = "gnu++17";
				CLANG_CXX_LIBRARY = "libc++";
				CLANG_ENABLE_MODULES = YES;
				CLANG_ENABLE_OBJC_ARC = YES;
				CLANG_ENABLE_OBJC_WEAK = YES;
				CLANG_WARN_BLOCK_CAPTURE_AUTORELEASING = YES;
				CLANG_WARN_BOOL_CONVERSION = YES;
				CLANG_WARN_COMMA = YES;
				CLANG_WARN_CONSTANT_CONVERSION = YES;
				CLANG_WARN_DEPRECATED_OBJC_IMPLEMENTATIONS = YES;
				CLANG_WARN_DIRECT_OBJC_ISA_USAGE = YES_ERROR;
				CLANG_WARN_DOCUMENTATION_COMMENTS = YES;
				CLANG_WARN_EMPTY_BODY = YES;
				CLANG_WARN_ENUM_CONVERSION = YES;
				CLANG_WARN_INFINITE_RECURSION = YES;
				CLANG_WARN_INT_CONVERSION = YES;
				CLANG_WARN_NON_LITERAL_NULL_CONVERSION = YES;
				CLANG_WARN_OBJC_IMPLICIT_RETAIN_SELF = YES;
				CLANG_WARN_OBJC_LITERAL_CONVERSION = YES;
				CLANG_WARN_OBJC_ROOT_CLASS = YES_ERROR;
				CLANG_WARN_QUOTED_INCLUDE_IN_FRAMEWORK_HEADER = YES;
				CLANG_WARN_RANGE_LOOP_ANALYSIS = YES;
				CLANG_WARN_STRICT_PROTOTYPES = YES;
				CLANG_WARN_SUSPICIOUS_MOVE = YES;
				CLANG_WARN_UNGUARDED_AVAILABILITY = YES_AGGRESSIVE;
				CLANG_WARN_UNREACHABLE_CODE = YES;
				CLANG_WARN__DUPLICATE_METHOD_MATCH = YES;
				COPY_PHASE_STRIP = NO;
				DEBUG_INFORMATION_FORMAT = "dwarf-with-dsym";
				ENABLE_NS_ASSERTIONS = NO;
				ENABLE_STRICT_OBJC_MSGSEND = YES;
				GCC_C_LANGUAGE_STANDARD = gnu11;
				GCC_NO_COMMON_BLOCKS = YES;
				GCC_WARN_64_TO_32_BIT_CONVERSION = YES;
				GCC_WARN_ABOUT_RETURN_TYPE = YES_ERROR;
				GCC_WARN_UNDECLARED_SELECTOR = YES;
				GCC_WARN_UNINITIALIZED_AUTOS = YES_AGGRESSIVE;
				GCC_WARN_UNUSED_FUNCTION = YES;
				GCC_WARN_UNUSED_VARIABLE = YES;
				IPHONEOS_DEPLOYMENT_TARGET = 15.2;
				MTL_ENABLE_DEBUG_INFO = NO;
				MTL_FAST_MATH = YES;
				SDKROOT = iphoneos;
				SWIFT_COMPILATION_MODE = wholemodule;
				SWIFT_OPTIMIZATION_LEVEL = "-O";
				VALIDATE_PRODUCT = YES;
			};
			name = Release;
		};
		36B70E6427C3F1E200C007B4 /* Debug */ = {
			isa = XCBuildConfiguration;
			buildSettings = {
				ASSETCATALOG_COMPILER_APPICON_NAME = AppIcon;
				ASSETCATALOG_COMPILER_GLOBAL_ACCENT_COLOR_NAME = AccentColor;
				CODE_SIGN_STYLE = Automatic;
				CURRENT_PROJECT_VERSION = 1;
				DEVELOPMENT_TEAM = 32L9LV3KSY;
				GENERATE_INFOPLIST_FILE = YES;
				INFOPLIST_FILE = TasarimCalismasi/Info.plist;
				INFOPLIST_KEY_UIApplicationSupportsIndirectInputEvents = YES;
				INFOPLIST_KEY_UILaunchStoryboardName = LaunchScreen;
				INFOPLIST_KEY_UIMainStoryboardFile = Main;
				INFOPLIST_KEY_UISupportedInterfaceOrientations_iPad = "UIInterfaceOrientationPortrait UIInterfaceOrientationPortraitUpsideDown UIInterfaceOrientationLandscapeLeft UIInterfaceOrientationLandscapeRight";
				INFOPLIST_KEY_UISupportedInterfaceOrientations_iPhone = "UIInterfaceOrientationPortrait UIInterfaceOrientationLandscapeLeft UIInterfaceOrientationLandscapeRight";
				IPHONEOS_DEPLOYMENT_TARGET = 15.2;
				LD_RUNPATH_SEARCH_PATHS = (
					"$(inherited)",
					"@executable_path/Frameworks",
				);
				MARKETING_VERSION = 1.0;
				PRODUCT_BUNDLE_IDENTIFIER = com.canbi.TasarimCalismasi;
				PRODUCT_NAME = "$(TARGET_NAME)";
				SWIFT_EMIT_LOC_STRINGS = YES;
				SWIFT_VERSION = 5.0;
				TARGETED_DEVICE_FAMILY = "1,2";
			};
			name = Debug;
		};
		36B70E6527C3F1E200C007B4 /* Release */ = {
			isa = XCBuildConfiguration;
			buildSettings = {
				ASSETCATALOG_COMPILER_APPICON_NAME = AppIcon;
				ASSETCATALOG_COMPILER_GLOBAL_ACCENT_COLOR_NAME = AccentColor;
				CODE_SIGN_STYLE = Automatic;
				CURRENT_PROJECT_VERSION = 1;
				DEVELOPMENT_TEAM = 32L9LV3KSY;
				GENERATE_INFOPLIST_FILE = YES;
				INFOPLIST_FILE = TasarimCalismasi/Info.plist;
				INFOPLIST_KEY_UIApplicationSupportsIndirectInputEvents = YES;
				INFOPLIST_KEY_UILaunchStoryboardName = LaunchScreen;
				INFOPLIST_KEY_UIMainStoryboardFile = Main;
				INFOPLIST_KEY_UISupportedInterfaceOrientations_iPad = "UIInterfaceOrientationPortrait UIInterfaceOrientationPortraitUpsideDown UIInterfaceOrientationLandscapeLeft UIInterfaceOrientationLandscapeRight";
				INFOPLIST_KEY_UISupportedInterfaceOrientations_iPhone = "UIInterfaceOrientationPortrait UIInterfaceOrientationLandscapeLeft UIInterfaceOrientationLandscapeRight";
				IPHONEOS_DEPLOYMENT_TARGET = 15.2;
				LD_RUNPATH_SEARCH_PATHS = (
					"$(inherited)",
					"@executable_path/Frameworks",
				);
				MARKETING_VERSION = 1.0;
				PRODUCT_BUNDLE_IDENTIFIER = com.canbi.TasarimCalismasi;
				PRODUCT_NAME = "$(TARGET_NAME)";
				SWIFT_EMIT_LOC_STRINGS = YES;
				SWIFT_VERSION = 5.0;
				TARGETED_DEVICE_FAMILY = "1,2";
			};
			name = Release;
		};
		36B70E6727C3F1E200C007B4 /* Debug */ = {
			isa = XCBuildConfiguration;
			buildSettings = {
				ALWAYS_EMBED_SWIFT_STANDARD_LIBRARIES = YES;
				BUNDLE_LOADER = "$(TEST_HOST)";
				CODE_SIGN_STYLE = Automatic;
				CURRENT_PROJECT_VERSION = 1;
				DEVELOPMENT_TEAM = 32L9LV3KSY;
				GENERATE_INFOPLIST_FILE = YES;
				IPHONEOS_DEPLOYMENT_TARGET = 15.2;
				MARKETING_VERSION = 1.0;
				PRODUCT_BUNDLE_IDENTIFIER = com.canbi.TasarimCalismasiTests;
				PRODUCT_NAME = "$(TARGET_NAME)";
				SWIFT_EMIT_LOC_STRINGS = NO;
				SWIFT_VERSION = 5.0;
				TARGETED_DEVICE_FAMILY = "1,2";
				TEST_HOST = "$(BUILT_PRODUCTS_DIR)/TasarimCalismasi.app/TasarimCalismasi";
			};
			name = Debug;
		};
		36B70E6827C3F1E200C007B4 /* Release */ = {
			isa = XCBuildConfiguration;
			buildSettings = {
				ALWAYS_EMBED_SWIFT_STANDARD_LIBRARIES = YES;
				BUNDLE_LOADER = "$(TEST_HOST)";
				CODE_SIGN_STYLE = Automatic;
				CURRENT_PROJECT_VERSION = 1;
				DEVELOPMENT_TEAM = 32L9LV3KSY;
				GENERATE_INFOPLIST_FILE = YES;
				IPHONEOS_DEPLOYMENT_TARGET = 15.2;
				MARKETING_VERSION = 1.0;
				PRODUCT_BUNDLE_IDENTIFIER = com.canbi.TasarimCalismasiTests;
				PRODUCT_NAME = "$(TARGET_NAME)";
				SWIFT_EMIT_LOC_STRINGS = NO;
				SWIFT_VERSION = 5.0;
				TARGETED_DEVICE_FAMILY = "1,2";
				TEST_HOST = "$(BUILT_PRODUCTS_DIR)/TasarimCalismasi.app/TasarimCalismasi";
			};
			name = Release;
		};
		36B70E6A27C3F1E200C007B4 /* Debug */ = {
			isa = XCBuildConfiguration;
			buildSettings = {
				ALWAYS_EMBED_SWIFT_STANDARD_LIBRARIES = YES;
				CODE_SIGN_STYLE = Automatic;
				CURRENT_PROJECT_VERSION = 1;
				DEVELOPMENT_TEAM = 32L9LV3KSY;
				GENERATE_INFOPLIST_FILE = YES;
				MARKETING_VERSION = 1.0;
				PRODUCT_BUNDLE_IDENTIFIER = com.canbi.TasarimCalismasiUITests;
				PRODUCT_NAME = "$(TARGET_NAME)";
				SWIFT_EMIT_LOC_STRINGS = NO;
				SWIFT_VERSION = 5.0;
				TARGETED_DEVICE_FAMILY = "1,2";
				TEST_TARGET_NAME = TasarimCalismasi;
			};
			name = Debug;
		};
		36B70E6B27C3F1E200C007B4 /* Release */ = {
			isa = XCBuildConfiguration;
			buildSettings = {
				ALWAYS_EMBED_SWIFT_STANDARD_LIBRARIES = YES;
				CODE_SIGN_STYLE = Automatic;
				CURRENT_PROJECT_VERSION = 1;
				DEVELOPMENT_TEAM = 32L9LV3KSY;
				GENERATE_INFOPLIST_FILE = YES;
				MARKETING_VERSION = 1.0;
				PRODUCT_BUNDLE_IDENTIFIER = com.canbi.TasarimCalismasiUITests;
				PRODUCT_NAME = "$(TARGET_NAME)";
				SWIFT_EMIT_LOC_STRINGS = NO;
				SWIFT_VERSION = 5.0;
				TARGETED_DEVICE_FAMILY = "1,2";
				TEST_TARGET_NAME = TasarimCalismasi;
			};
			name = Release;
		};
/* End XCBuildConfiguration section */

/* Begin XCConfigurationList section */
		36B70E3427C3F1E100C007B4 /* Build configuration list for PBXProject "TasarimCalismasi" */ = {
			isa = XCConfigurationList;
			buildConfigurations = (
				36B70E6127C3F1E200C007B4 /* Debug */,
				36B70E6227C3F1E200C007B4 /* Release */,
			);
			defaultConfigurationIsVisible = 0;
			defaultConfigurationName = Release;
		};
		36B70E6327C3F1E200C007B4 /* Build configuration list for PBXNativeTarget "TasarimCalismasi" */ = {
			isa = XCConfigurationList;
			buildConfigurations = (
				36B70E6427C3F1E200C007B4 /* Debug */,
				36B70E6527C3F1E200C007B4 /* Release */,
			);
			defaultConfigurationIsVisible = 0;
			defaultConfigurationName = Release;
		};
		36B70E6627C3F1E200C007B4 /* Build configuration list for PBXNativeTarget "TasarimCalismasiTests" */ = {
			isa = XCConfigurationList;
			buildConfigurations = (
				36B70E6727C3F1E200C007B4 /* Debug */,
				36B70E6827C3F1E200C007B4 /* Release */,
			);
			defaultConfigurationIsVisible = 0;
			defaultConfigurationName = Release;
		};
		36B70E6927C3F1E200C007B4 /* Build configuration list for PBXNativeTarget "TasarimCalismasiUITests" */ = {
			isa = XCConfigurationList;
			buildConfigurations = (
				36B70E6A27C3F1E200C007B4 /* Debug */,
				36B70E6B27C3F1E200C007B4 /* Release */,
			);
			defaultConfigurationIsVisible = 0;
			defaultConfigurationName = Release;
		};
/* End XCConfigurationList section */
	};
	rootObject = 36B70E3127C3F1E100C007B4 /* Project object */;
}
